PODS:
  - Alamofire (5.6.2)
  - AlamofireImage (4.2.0):
    - Alamofire (~> 5.4)
  - APIKit (5.4.0)
  - GoogleMaps (7.4.0):
    - GoogleMaps/Maps (= 7.4.0)
  - GoogleMaps/Base (7.4.0)
  - GoogleMaps/Maps (7.4.0):
    - GoogleMaps/Base
  - ImageSlideshow (1.9.2):
    - ImageSlideshow/Core (= 1.9.2)
  - ImageSlideshow/Alamofire (1.9.2):
    - AlamofireImage (~> 4.0)
    - ImageSlideshow/Core
  - ImageSlideshow/Core (1.9.2)
  - MBProgressHUD (1.2.0)
  - R.swift (7.3.0)
  - SnapKit (5.6.0)
  - StatefulViewController (3.0)
  - Toast-Swift (5.0.1)

DEPENDENCIES:
  - Alamofire (~> 5.6.1)
  - AlamofireImage (~> 4.1)
  - APIKit (~> 5.0)
  - GoogleMaps (= 7.4.0)
  - ImageSlideshow (~> 1.9.0)
  - ImageSlideshow/Alamofire
  - MBProgressHUD
  - R.swift
  - SnapKit (~> 5.6.0)
  - StatefulViewController (~> 3.0)
  - Toast-Swift (~> 5.0.1)

SPEC REPOS:
  trunk:
    - Alamofire
    - AlamofireImage
    - APIKit
    - GoogleMaps
    - ImageSlideshow
    - MBProgressHUD
    - R.swift
    - SnapKit
    - StatefulViewController
    - Toast-Swift

SPEC CHECKSUMS:
  Alamofire: d368e1ff8a298e6dde360e35a3e68e6c610e7204
  AlamofireImage: 34a2d90b0e5fe6a5605f85ae4b7b01e784c60192
  APIKit: 0680e86d2e8abd5bc42e64963f5f89d209eb9271
  GoogleMaps: 032f676450ba0779bd8ce16840690915f84e57ac
  ImageSlideshow: be305b54eaf2b2cfc7a7141c7c734605d44dc07d
  MBProgressHUD: 3ee5efcc380f6a79a7cc9b363dd669c5e1ae7406
  R.swift: cef1c530541cb49412752721797f10dae6b32d11
  SnapKit: e01d52ebb8ddbc333eefe2132acf85c8227d9c25
  StatefulViewController: 4803bf900d44de26074344998e10e041113b5931
  Toast-Swift: 9b6a70f28b3bf0b96c40d46c0c4b9d6639846711

PODFILE CHECKSUM: a7bacb539cbc47c748811fc7d9cba56e88f192dd

COCOAPODS: 1.11.3
