// !$*UTF8*$!
{
	archiveVersion = 1;
	classes = {
	};
	objectVersion = 51;
	objects = {

/* Begin PBXBuildFile section */
		83783820C2DF49C898425E9F /* Pods_FoodPicker.framework in Frameworks */ = {isa = PBXBuildFile; fileRef = D61EE2D2E1BC175C52587D8F /* Pods_FoodPicker.framework */; };
		B63C19A325179B090012CC4A /* SearchShortcutSection.swift in Sources */ = {isa = PBXBuildFile; fileRef = B63C19A225179B090012CC4A /* SearchShortcutSection.swift */; };
		B63C19A5251A36DE0012CC4A /* SearchResultController.swift in Sources */ = {isa = PBXBuildFile; fileRef = B63C19A4251A36DE0012CC4A /* SearchResultController.swift */; };
		B63C19A7251B97850012CC4A /* SearchTableViewController.swift in Sources */ = {isa = PBXBuildFile; fileRef = B63C19A6251B97850012CC4A /* SearchTableViewController.swift */; };
		B63C19A9251B97EA0012CC4A /* SearchCell.swift in Sources */ = {isa = PBXBuildFile; fileRef = B63C19A8251B97EA0012CC4A /* SearchCell.swift */; };
		B63C19AB251C656A0012CC4A /* RestaurantsList.swift in Sources */ = {isa = PBXBuildFile; fileRef = B63C19AA251C656A0012CC4A /* RestaurantsList.swift */; };
		B647A4CD24B1F7BA0098B7A2 /* AppDelegate.swift in Sources */ = {isa = PBXBuildFile; fileRef = B647A4CC24B1F7BA0098B7A2 /* AppDelegate.swift */; };
		B647A4CF24B1F7BA0098B7A2 /* SceneDelegate.swift in Sources */ = {isa = PBXBuildFile; fileRef = B647A4CE24B1F7BA0098B7A2 /* SceneDelegate.swift */; };
		B647A4D424B1F7BA0098B7A2 /* Main.storyboard in Resources */ = {isa = PBXBuildFile; fileRef = B647A4D224B1F7BA0098B7A2 /* Main.storyboard */; };
		B647A4D624B1F7BE0098B7A2 /* Assets.xcassets in Resources */ = {isa = PBXBuildFile; fileRef = B647A4D524B1F7BE0098B7A2 /* Assets.xcassets */; };
		B647A4D924B1F7BE0098B7A2 /* LaunchScreen.storyboard in Resources */ = {isa = PBXBuildFile; fileRef = B647A4D724B1F7BE0098B7A2 /* LaunchScreen.storyboard */; };
		B647A4E124B1FA640098B7A2 /* HomeController.swift in Sources */ = {isa = PBXBuildFile; fileRef = B647A4E024B1FA640098B7A2 /* HomeController.swift */; };
		B647A4E724B2039D0098B7A2 /* Extension.swift in Sources */ = {isa = PBXBuildFile; fileRef = B647A4E624B2039D0098B7A2 /* Extension.swift */; };
		B647A4EF24B22A720098B7A2 /* SearchController.swift in Sources */ = {isa = PBXBuildFile; fileRef = B647A4EE24B22A720098B7A2 /* SearchController.swift */; };
		B647A4F124B22B010098B7A2 /* ActionController.swift in Sources */ = {isa = PBXBuildFile; fileRef = B647A4F024B22B010098B7A2 /* ActionController.swift */; };
		B647A4F324B22B100098B7A2 /* FavoriteController.swift in Sources */ = {isa = PBXBuildFile; fileRef = B647A4F224B22B100098B7A2 /* FavoriteController.swift */; };
		B647A4F524B22B200098B7A2 /* ProfileController.swift in Sources */ = {isa = PBXBuildFile; fileRef = B647A4F424B22B200098B7A2 /* ProfileController.swift */; };
		B647A4F724B22B4D0098B7A2 /* MainPageController.swift in Sources */ = {isa = PBXBuildFile; fileRef = B647A4F624B22B4D0098B7A2 /* MainPageController.swift */; };
		B647A4F924B22D530098B7A2 /* FilterResultSection.swift in Sources */ = {isa = PBXBuildFile; fileRef = B647A4F824B22D530098B7A2 /* FilterResultSection.swift */; };
		B647A4FB24B2BE940098B7A2 /* MainPageNavigationBar.swift in Sources */ = {isa = PBXBuildFile; fileRef = B647A4FA24B2BE940098B7A2 /* MainPageNavigationBar.swift */; };
		B647A4FD24B2F4A70098B7A2 /* RestaurantCardCell.swift in Sources */ = {isa = PBXBuildFile; fileRef = B647A4FC24B2F4A70098B7A2 /* RestaurantCardCell.swift */; };
		B647A4FF24B3007A0098B7A2 /* CategoryCardCell.swift in Sources */ = {isa = PBXBuildFile; fileRef = B647A4FE24B3007A0098B7A2 /* CategoryCardCell.swift */; };
		B647A50124B3145B0098B7A2 /* CardCellViewModel.swift in Sources */ = {isa = PBXBuildFile; fileRef = B647A50024B3145B0098B7A2 /* CardCellViewModel.swift */; };
		B650ECD4257F2655004A4049 /* LuckyWheelItem.swift in Sources */ = {isa = PBXBuildFile; fileRef = B650ECD0257F2655004A4049 /* LuckyWheelItem.swift */; };
		B650ECD5257F2655004A4049 /* LuckyWheelText.swift in Sources */ = {isa = PBXBuildFile; fileRef = B650ECD1257F2655004A4049 /* LuckyWheelText.swift */; };
		B650ECD7257F2655004A4049 /* LuckyWheel.swift in Sources */ = {isa = PBXBuildFile; fileRef = B650ECD3257F2655004A4049 /* LuckyWheel.swift */; };
		B685484424B44938009BC800 /* LocaionHandler.swift in Sources */ = {isa = PBXBuildFile; fileRef = B685484324B44938009BC800 /* LocaionHandler.swift */; };
		B685484624B4511A009BC800 /* RestaurantListCell.swift in Sources */ = {isa = PBXBuildFile; fileRef = B685484524B4511A009BC800 /* RestaurantListCell.swift */; };
		B685484C24B6D390009BC800 /* Constants.swift in Sources */ = {isa = PBXBuildFile; fileRef = B685484B24B6D390009BC800 /* Constants.swift */; };
		B685484E24BB0090009BC800 /* Restaurant.swift in Sources */ = {isa = PBXBuildFile; fileRef = B685484D24BB0090009BC800 /* Restaurant.swift */; };
		B685485124BD8631009BC800 /* NetworkService.swift in Sources */ = {isa = PBXBuildFile; fileRef = B685485024BD8631009BC800 /* NetworkService.swift */; };
		B685485324BECC7F009BC800 /* LuckyWheelViewModel.swift in Sources */ = {isa = PBXBuildFile; fileRef = B685485224BECC7F009BC800 /* LuckyWheelViewModel.swift */; };
		B689A7A22564CBDF009D270B /* CategoriesViewController.swift in Sources */ = {isa = PBXBuildFile; fileRef = B689A7A12564CBDF009D270B /* CategoriesViewController.swift */; };
		B689A7A42564DBBE009D270B /* ListTableViewController.swift in Sources */ = {isa = PBXBuildFile; fileRef = B689A7A32564DBBE009D270B /* ListTableViewController.swift */; };
		B689A7A72564DFE4009D270B /* ListInfoCell.swift in Sources */ = {isa = PBXBuildFile; fileRef = B689A7A62564DFE4009D270B /* ListInfoCell.swift */; };
		B689A7A9256B84EF009D270B /* MoreOptionAlertViewContrller.swift in Sources */ = {isa = PBXBuildFile; fileRef = B689A7A8256B84EF009D270B /* MoreOptionAlertViewContrller.swift */; };
		B689A7AB2574EDB4009D270B /* EditViewController.swift in Sources */ = {isa = PBXBuildFile; fileRef = B689A7AA2574EDB4009D270B /* EditViewController.swift */; };
		B6A2FA8B25304A48005CB171 /* CategoryCardWall.swift in Sources */ = {isa = PBXBuildFile; fileRef = B6A2FA8A25304A48005CB171 /* CategoryCardWall.swift */; };
		B6AE009924D7F94F00423D72 /* CategoriesCard.swift in Sources */ = {isa = PBXBuildFile; fileRef = B6AE009824D7F94F00423D72 /* CategoriesCard.swift */; };
		B6AE009D24DD188400423D72 /* BottomSheetViewController.swift in Sources */ = {isa = PBXBuildFile; fileRef = B6AE009C24DD188400423D72 /* BottomSheetViewController.swift */; };
		B6B41AC024FE3C3F00A5ACBE /* AllRestaurantsSection.swift in Sources */ = {isa = PBXBuildFile; fileRef = B6B41ABF24FE3C3F00A5ACBE /* AllRestaurantsSection.swift */; };
		B6B41AC22512068100A5ACBE /* ActionSheetLauncher.swift in Sources */ = {isa = PBXBuildFile; fileRef = B6B41AC12512068100A5ACBE /* ActionSheetLauncher.swift */; };
		B6B41AC4251316E800A5ACBE /* SortOptionCell.swift in Sources */ = {isa = PBXBuildFile; fileRef = B6B41AC3251316E800A5ACBE /* SortOptionCell.swift */; };
		B6B41AC6251316F300A5ACBE /* PriceRangeCell.swift in Sources */ = {isa = PBXBuildFile; fileRef = B6B41AC5251316F300A5ACBE /* PriceRangeCell.swift */; };
		B6C7D5AA2554E510005D2AA0 /* MapViewController.swift in Sources */ = {isa = PBXBuildFile; fileRef = B6C7D5A92554E510005D2AA0 /* MapViewController.swift */; };
		B6C7D5AE255824B7005D2AA0 /* MoreRestaurantViewController.swift in Sources */ = {isa = PBXBuildFile; fileRef = B6C7D5AD255824B7005D2AA0 /* MoreRestaurantViewController.swift */; };
		B6C7D5B0255843C1005D2AA0 /* MoreRestaurantsFooterView.swift in Sources */ = {isa = PBXBuildFile; fileRef = B6C7D5AF255843C1005D2AA0 /* MoreRestaurantsFooterView.swift */; };
		B6C7D5B2255992E0005D2AA0 /* LoadingCell.swift in Sources */ = {isa = PBXBuildFile; fileRef = B6C7D5B1255992E0005D2AA0 /* LoadingCell.swift */; };
		B6C7D5B4255BA967005D2AA0 /* DetailHeaderViewModel.swift in Sources */ = {isa = PBXBuildFile; fileRef = B6C7D5B3255BA967005D2AA0 /* DetailHeaderViewModel.swift */; };
		B6C7D5B62563F3E0005D2AA0 /* RestaurantDecodeModel.swift in Sources */ = {isa = PBXBuildFile; fileRef = B6C7D5B52563F3E0005D2AA0 /* RestaurantDecodeModel.swift */; };
		B6C7D5B82563F4F3005D2AA0 /* RestaurantAnnotation.swift in Sources */ = {isa = PBXBuildFile; fileRef = B6C7D5B72563F4F3005D2AA0 /* RestaurantAnnotation.swift */; };
		B6C7D5BD2563F65A005D2AA0 /* List.swift in Sources */ = {isa = PBXBuildFile; fileRef = B6C7D5BC2563F65A005D2AA0 /* List.swift */; };
		B6C90FC325E2560A008B492F /* TextLayer.swift in Sources */ = {isa = PBXBuildFile; fileRef = B6C90FC225E2560A008B492F /* TextLayer.swift */; };
		B6C90FC725E4F913008B492F /* CoredataService.swift in Sources */ = {isa = PBXBuildFile; fileRef = B6C90FC625E4F913008B492F /* CoredataService.swift */; };
		B6C90FDE25E63256008B492F /* Picker.xcdatamodeld in Sources */ = {isa = PBXBuildFile; fileRef = B6C90FDC25E63256008B492F /* Picker.xcdatamodeld */; };
		B6D1305E24C01B3600040F85 /* AuthController.swift in Sources */ = {isa = PBXBuildFile; fileRef = B6D1305D24C01B3600040F85 /* AuthController.swift */; };
		B6D1306124C01E2800040F85 /* GoogleService-Info.plist in Resources */ = {isa = PBXBuildFile; fileRef = B6D1306024C01E2800040F85 /* GoogleService-Info.plist */; };
		B6D1306324C02BFA00040F85 /* IntroView.swift in Sources */ = {isa = PBXBuildFile; fileRef = B6D1306224C02BFA00040F85 /* IntroView.swift */; };
		B6D1306524C040BC00040F85 /* IntroController.swift in Sources */ = {isa = PBXBuildFile; fileRef = B6D1306424C040BC00040F85 /* IntroController.swift */; };
		B6D1306724C16DA100040F85 /* FirebaseService.swift in Sources */ = {isa = PBXBuildFile; fileRef = B6D1306624C16DA100040F85 /* FirebaseService.swift */; };
		B6D1306A24C4183300040F85 /* DetailController.swift in Sources */ = {isa = PBXBuildFile; fileRef = B6D1306924C4183300040F85 /* DetailController.swift */; };
		B6D1307024CBC16200040F85 /* DetailCell.swift in Sources */ = {isa = PBXBuildFile; fileRef = B6D1306F24CBC16200040F85 /* DetailCell.swift */; };
		B6D1307C24CEE1AF00040F85 /* FilterView.swift in Sources */ = {isa = PBXBuildFile; fileRef = B6D1307B24CEE1AF00040F85 /* FilterView.swift */; };
		B6D1307E24CEE80C00040F85 /* FilterViewModel.swift in Sources */ = {isa = PBXBuildFile; fileRef = B6D1307D24CEE80C00040F85 /* FilterViewModel.swift */; };
		B6F7618C24D3EE2300318AB1 /* DetailHeader.swift in Sources */ = {isa = PBXBuildFile; fileRef = B6F7618B24D3EE2300318AB1 /* DetailHeader.swift */; };
		B6F7618E24D3F6E100318AB1 /* DetailCellViewModel.swift in Sources */ = {isa = PBXBuildFile; fileRef = B6F7618D24D3F6E100318AB1 /* DetailCellViewModel.swift */; };
/* End PBXBuildFile section */

/* Begin PBXFileReference section */
		43A1E6C9EDBAD1A2739824AE /* Pods-FoodPicker.release.xcconfig */ = {isa = PBXFileReference; includeInIndex = 1; lastKnownFileType = text.xcconfig; name = "Pods-FoodPicker.release.xcconfig"; path = "Target Support Files/Pods-FoodPicker/Pods-FoodPicker.release.xcconfig"; sourceTree = "<group>"; };
		806452F141FD8946755FE0F6 /* Pods-FoodPicker.debug.xcconfig */ = {isa = PBXFileReference; includeInIndex = 1; lastKnownFileType = text.xcconfig; name = "Pods-FoodPicker.debug.xcconfig"; path = "Target Support Files/Pods-FoodPicker/Pods-FoodPicker.debug.xcconfig"; sourceTree = "<group>"; };
		B63C19A225179B090012CC4A /* SearchShortcutSection.swift */ = {isa = PBXFileReference; lastKnownFileType = sourcecode.swift; path = SearchShortcutSection.swift; sourceTree = "<group>"; };
		B63C19A4251A36DE0012CC4A /* SearchResultController.swift */ = {isa = PBXFileReference; lastKnownFileType = sourcecode.swift; path = SearchResultController.swift; sourceTree = "<group>"; };
		B63C19A6251B97850012CC4A /* SearchTableViewController.swift */ = {isa = PBXFileReference; lastKnownFileType = sourcecode.swift; path = SearchTableViewController.swift; sourceTree = "<group>"; };
		B63C19A8251B97EA0012CC4A /* SearchCell.swift */ = {isa = PBXFileReference; lastKnownFileType = sourcecode.swift; path = SearchCell.swift; sourceTree = "<group>"; };
		B63C19AA251C656A0012CC4A /* RestaurantsList.swift */ = {isa = PBXFileReference; lastKnownFileType = sourcecode.swift; path = RestaurantsList.swift; sourceTree = "<group>"; };
		B647A4C924B1F7BA0098B7A2 /* FoodPicker.app */ = {isa = PBXFileReference; explicitFileType = wrapper.application; includeInIndex = 0; path = FoodPicker.app; sourceTree = BUILT_PRODUCTS_DIR; };
		B647A4CC24B1F7BA0098B7A2 /* AppDelegate.swift */ = {isa = PBXFileReference; lastKnownFileType = sourcecode.swift; path = AppDelegate.swift; sourceTree = "<group>"; };
		B647A4CE24B1F7BA0098B7A2 /* SceneDelegate.swift */ = {isa = PBXFileReference; lastKnownFileType = sourcecode.swift; path = SceneDelegate.swift; sourceTree = "<group>"; };
		B647A4D324B1F7BA0098B7A2 /* Base */ = {isa = PBXFileReference; lastKnownFileType = file.storyboard; name = Base; path = Base.lproj/Main.storyboard; sourceTree = "<group>"; };
		B647A4D524B1F7BE0098B7A2 /* Assets.xcassets */ = {isa = PBXFileReference; lastKnownFileType = folder.assetcatalog; path = Assets.xcassets; sourceTree = "<group>"; };
		B647A4D824B1F7BE0098B7A2 /* Base */ = {isa = PBXFileReference; lastKnownFileType = file.storyboard; name = Base; path = Base.lproj/LaunchScreen.storyboard; sourceTree = "<group>"; };
		B647A4DA24B1F7BE0098B7A2 /* Info.plist */ = {isa = PBXFileReference; lastKnownFileType = text.plist.xml; path = Info.plist; sourceTree = "<group>"; };
		B647A4E024B1FA640098B7A2 /* HomeController.swift */ = {isa = PBXFileReference; lastKnownFileType = sourcecode.swift; path = HomeController.swift; sourceTree = "<group>"; };
		B647A4E624B2039D0098B7A2 /* Extension.swift */ = {isa = PBXFileReference; lastKnownFileType = sourcecode.swift; path = Extension.swift; sourceTree = "<group>"; };
		B647A4EE24B22A720098B7A2 /* SearchController.swift */ = {isa = PBXFileReference; lastKnownFileType = sourcecode.swift; path = SearchController.swift; sourceTree = "<group>"; };
		B647A4F024B22B010098B7A2 /* ActionController.swift */ = {isa = PBXFileReference; lastKnownFileType = sourcecode.swift; path = ActionController.swift; sourceTree = "<group>"; };
		B647A4F224B22B100098B7A2 /* FavoriteController.swift */ = {isa = PBXFileReference; lastKnownFileType = sourcecode.swift; path = FavoriteController.swift; sourceTree = "<group>"; };
		B647A4F424B22B200098B7A2 /* ProfileController.swift */ = {isa = PBXFileReference; lastKnownFileType = sourcecode.swift; path = ProfileController.swift; sourceTree = "<group>"; };
		B647A4F624B22B4D0098B7A2 /* MainPageController.swift */ = {isa = PBXFileReference; lastKnownFileType = sourcecode.swift; path = MainPageController.swift; sourceTree = "<group>"; };
		B647A4F824B22D530098B7A2 /* FilterResultSection.swift */ = {isa = PBXFileReference; lastKnownFileType = sourcecode.swift; path = FilterResultSection.swift; sourceTree = "<group>"; };
		B647A4FA24B2BE940098B7A2 /* MainPageNavigationBar.swift */ = {isa = PBXFileReference; lastKnownFileType = sourcecode.swift; path = MainPageNavigationBar.swift; sourceTree = "<group>"; };
		B647A4FC24B2F4A70098B7A2 /* RestaurantCardCell.swift */ = {isa = PBXFileReference; lastKnownFileType = sourcecode.swift; path = RestaurantCardCell.swift; sourceTree = "<group>"; };
		B647A4FE24B3007A0098B7A2 /* CategoryCardCell.swift */ = {isa = PBXFileReference; lastKnownFileType = sourcecode.swift; path = CategoryCardCell.swift; sourceTree = "<group>"; };
		B647A50024B3145B0098B7A2 /* CardCellViewModel.swift */ = {isa = PBXFileReference; lastKnownFileType = sourcecode.swift; path = CardCellViewModel.swift; sourceTree = "<group>"; };
		B650ECD0257F2655004A4049 /* LuckyWheelItem.swift */ = {isa = PBXFileReference; fileEncoding = 4; lastKnownFileType = sourcecode.swift; path = LuckyWheelItem.swift; sourceTree = "<group>"; };
		B650ECD1257F2655004A4049 /* LuckyWheelText.swift */ = {isa = PBXFileReference; fileEncoding = 4; lastKnownFileType = sourcecode.swift; path = LuckyWheelText.swift; sourceTree = "<group>"; };
		B650ECD3257F2655004A4049 /* LuckyWheel.swift */ = {isa = PBXFileReference; fileEncoding = 4; lastKnownFileType = sourcecode.swift; path = LuckyWheel.swift; sourceTree = "<group>"; };
		B685484324B44938009BC800 /* LocaionHandler.swift */ = {isa = PBXFileReference; lastKnownFileType = sourcecode.swift; path = LocaionHandler.swift; sourceTree = "<group>"; };
		B685484524B4511A009BC800 /* RestaurantListCell.swift */ = {isa = PBXFileReference; lastKnownFileType = sourcecode.swift; path = RestaurantListCell.swift; sourceTree = "<group>"; };
		B685484B24B6D390009BC800 /* Constants.swift */ = {isa = PBXFileReference; lastKnownFileType = sourcecode.swift; path = Constants.swift; sourceTree = "<group>"; };
		B685484D24BB0090009BC800 /* Restaurant.swift */ = {isa = PBXFileReference; lastKnownFileType = sourcecode.swift; path = Restaurant.swift; sourceTree = "<group>"; };
		B685485024BD8631009BC800 /* NetworkService.swift */ = {isa = PBXFileReference; lastKnownFileType = sourcecode.swift; path = NetworkService.swift; sourceTree = "<group>"; };
		B685485224BECC7F009BC800 /* LuckyWheelViewModel.swift */ = {isa = PBXFileReference; lastKnownFileType = sourcecode.swift; path = LuckyWheelViewModel.swift; sourceTree = "<group>"; };
		B689A7A12564CBDF009D270B /* CategoriesViewController.swift */ = {isa = PBXFileReference; lastKnownFileType = sourcecode.swift; path = CategoriesViewController.swift; sourceTree = "<group>"; };
		B689A7A32564DBBE009D270B /* ListTableViewController.swift */ = {isa = PBXFileReference; lastKnownFileType = sourcecode.swift; path = ListTableViewController.swift; sourceTree = "<group>"; };
		B689A7A62564DFE4009D270B /* ListInfoCell.swift */ = {isa = PBXFileReference; lastKnownFileType = sourcecode.swift; path = ListInfoCell.swift; sourceTree = "<group>"; };
		B689A7A8256B84EF009D270B /* MoreOptionAlertViewContrller.swift */ = {isa = PBXFileReference; lastKnownFileType = sourcecode.swift; path = MoreOptionAlertViewContrller.swift; sourceTree = "<group>"; };
		B689A7AA2574EDB4009D270B /* EditViewController.swift */ = {isa = PBXFileReference; lastKnownFileType = sourcecode.swift; path = EditViewController.swift; sourceTree = "<group>"; };
		B6A2FA8A25304A48005CB171 /* CategoryCardWall.swift */ = {isa = PBXFileReference; lastKnownFileType = sourcecode.swift; path = CategoryCardWall.swift; sourceTree = "<group>"; };
		B6AE009824D7F94F00423D72 /* CategoriesCard.swift */ = {isa = PBXFileReference; lastKnownFileType = sourcecode.swift; path = CategoriesCard.swift; sourceTree = "<group>"; };
		B6AE009C24DD188400423D72 /* BottomSheetViewController.swift */ = {isa = PBXFileReference; lastKnownFileType = sourcecode.swift; path = BottomSheetViewController.swift; sourceTree = "<group>"; };
		B6B41ABF24FE3C3F00A5ACBE /* AllRestaurantsSection.swift */ = {isa = PBXFileReference; lastKnownFileType = sourcecode.swift; path = AllRestaurantsSection.swift; sourceTree = "<group>"; };
		B6B41AC12512068100A5ACBE /* ActionSheetLauncher.swift */ = {isa = PBXFileReference; lastKnownFileType = sourcecode.swift; path = ActionSheetLauncher.swift; sourceTree = "<group>"; };
		B6B41AC3251316E800A5ACBE /* SortOptionCell.swift */ = {isa = PBXFileReference; lastKnownFileType = sourcecode.swift; path = SortOptionCell.swift; sourceTree = "<group>"; };
		B6B41AC5251316F300A5ACBE /* PriceRangeCell.swift */ = {isa = PBXFileReference; lastKnownFileType = sourcecode.swift; path = PriceRangeCell.swift; sourceTree = "<group>"; };
		B6C7D5A92554E510005D2AA0 /* MapViewController.swift */ = {isa = PBXFileReference; lastKnownFileType = sourcecode.swift; path = MapViewController.swift; sourceTree = "<group>"; };
		B6C7D5AD255824B7005D2AA0 /* MoreRestaurantViewController.swift */ = {isa = PBXFileReference; lastKnownFileType = sourcecode.swift; path = MoreRestaurantViewController.swift; sourceTree = "<group>"; };
		B6C7D5AF255843C1005D2AA0 /* MoreRestaurantsFooterView.swift */ = {isa = PBXFileReference; lastKnownFileType = sourcecode.swift; path = MoreRestaurantsFooterView.swift; sourceTree = "<group>"; };
		B6C7D5B1255992E0005D2AA0 /* LoadingCell.swift */ = {isa = PBXFileReference; lastKnownFileType = sourcecode.swift; path = LoadingCell.swift; sourceTree = "<group>"; };
		B6C7D5B3255BA967005D2AA0 /* DetailHeaderViewModel.swift */ = {isa = PBXFileReference; lastKnownFileType = sourcecode.swift; path = DetailHeaderViewModel.swift; sourceTree = "<group>"; };
		B6C7D5B52563F3E0005D2AA0 /* RestaurantDecodeModel.swift */ = {isa = PBXFileReference; lastKnownFileType = sourcecode.swift; path = RestaurantDecodeModel.swift; sourceTree = "<group>"; };
		B6C7D5B72563F4F3005D2AA0 /* RestaurantAnnotation.swift */ = {isa = PBXFileReference; lastKnownFileType = sourcecode.swift; path = RestaurantAnnotation.swift; sourceTree = "<group>"; };
		B6C7D5BC2563F65A005D2AA0 /* List.swift */ = {isa = PBXFileReference; lastKnownFileType = sourcecode.swift; path = List.swift; sourceTree = "<group>"; };
		B6C90FC225E2560A008B492F /* TextLayer.swift */ = {isa = PBXFileReference; lastKnownFileType = sourcecode.swift; path = TextLayer.swift; sourceTree = "<group>"; };
		B6C90FC625E4F913008B492F /* CoredataService.swift */ = {isa = PBXFileReference; lastKnownFileType = sourcecode.swift; path = CoredataService.swift; sourceTree = "<group>"; };
		B6C90FDD25E63256008B492F /* Picker.xcdatamodel */ = {isa = PBXFileReference; lastKnownFileType = wrapper.xcdatamodel; path = Picker.xcdatamodel; sourceTree = "<group>"; };
		B6D1305D24C01B3600040F85 /* AuthController.swift */ = {isa = PBXFileReference; lastKnownFileType = sourcecode.swift; path = AuthController.swift; sourceTree = "<group>"; };
		B6D1306024C01E2800040F85 /* GoogleService-Info.plist */ = {isa = PBXFileReference; lastKnownFileType = text.plist; path = "GoogleService-Info.plist"; sourceTree = SOURCE_ROOT; };
		B6D1306224C02BFA00040F85 /* IntroView.swift */ = {isa = PBXFileReference; lastKnownFileType = sourcecode.swift; path = IntroView.swift; sourceTree = "<group>"; };
		B6D1306424C040BC00040F85 /* IntroController.swift */ = {isa = PBXFileReference; lastKnownFileType = sourcecode.swift; path = IntroController.swift; sourceTree = "<group>"; };
		B6D1306624C16DA100040F85 /* FirebaseService.swift */ = {isa = PBXFileReference; lastKnownFileType = sourcecode.swift; path = FirebaseService.swift; sourceTree = "<group>"; };
		B6D1306924C4183300040F85 /* DetailController.swift */ = {isa = PBXFileReference; lastKnownFileType = sourcecode.swift; path = DetailController.swift; sourceTree = "<group>"; };
		B6D1306F24CBC16200040F85 /* DetailCell.swift */ = {isa = PBXFileReference; lastKnownFileType = sourcecode.swift; path = DetailCell.swift; sourceTree = "<group>"; };
		B6D1307B24CEE1AF00040F85 /* FilterView.swift */ = {isa = PBXFileReference; lastKnownFileType = sourcecode.swift; path = FilterView.swift; sourceTree = "<group>"; };
		B6D1307D24CEE80C00040F85 /* FilterViewModel.swift */ = {isa = PBXFileReference; lastKnownFileType = sourcecode.swift; path = FilterViewModel.swift; sourceTree = "<group>"; };
		B6F7618B24D3EE2300318AB1 /* DetailHeader.swift */ = {isa = PBXFileReference; lastKnownFileType = sourcecode.swift; path = DetailHeader.swift; sourceTree = "<group>"; };
		B6F7618D24D3F6E100318AB1 /* DetailCellViewModel.swift */ = {isa = PBXFileReference; lastKnownFileType = sourcecode.swift; path = DetailCellViewModel.swift; sourceTree = "<group>"; };
		D61EE2D2E1BC175C52587D8F /* Pods_FoodPicker.framework */ = {isa = PBXFileReference; explicitFileType = wrapper.framework; includeInIndex = 0; path = Pods_FoodPicker.framework; sourceTree = BUILT_PRODUCTS_DIR; };
/* End PBXFileReference section */

/* Begin PBXFrameworksBuildPhase section */
		B647A4C624B1F7BA0098B7A2 /* Frameworks */ = {
			isa = PBXFrameworksBuildPhase;
			buildActionMask = 2147483647;
			files = (
				83783820C2DF49C898425E9F /* Pods_FoodPicker.framework in Frameworks */,
			);
			runOnlyForDeploymentPostprocessing = 0;
		};
/* End PBXFrameworksBuildPhase section */

/* Begin PBXGroup section */
		9219E683C3B75723B7371A89 /* Pods */ = {
			isa = PBXGroup;
			children = (
				806452F141FD8946755FE0F6 /* Pods-FoodPicker.debug.xcconfig */,
				43A1E6C9EDBAD1A2739824AE /* Pods-FoodPicker.release.xcconfig */,
			);
			path = Pods;
			sourceTree = "<group>";
		};
		B626F57126156F9400F17F7F /* Header */ = {
			isa = PBXGroup;
			children = (
				B647A4FA24B2BE940098B7A2 /* MainPageNavigationBar.swift */,
				B6AE009824D7F94F00423D72 /* CategoriesCard.swift */,
				B647A4FE24B3007A0098B7A2 /* CategoryCardCell.swift */,
			);
			path = Header;
			sourceTree = "<group>";
		};
		B626F57226156FB100F17F7F /* RestaurantContent */ = {
			isa = PBXGroup;
			children = (
				B647A4F824B22D530098B7A2 /* FilterResultSection.swift */,
				B6C7D5AF255843C1005D2AA0 /* MoreRestaurantsFooterView.swift */,
				B647A4FC24B2F4A70098B7A2 /* RestaurantCardCell.swift */,
				B6B41ABF24FE3C3F00A5ACBE /* AllRestaurantsSection.swift */,
			);
			path = RestaurantContent;
			sourceTree = "<group>";
		};
		B63C19A125179AC00012CC4A /* Search */ = {
			isa = PBXGroup;
			children = (
				B63C19A225179B090012CC4A /* SearchShortcutSection.swift */,
				B6A2FA8A25304A48005CB171 /* CategoryCardWall.swift */,
				B63C19A8251B97EA0012CC4A /* SearchCell.swift */,
			);
			path = Search;
			sourceTree = "<group>";
		};
		B647A4C024B1F7BA0098B7A2 = {
			isa = PBXGroup;
			children = (
				B647A4CB24B1F7BA0098B7A2 /* FoodPicker */,
				B647A4CA24B1F7BA0098B7A2 /* Products */,
				9219E683C3B75723B7371A89 /* Pods */,
				DF92DEA34AFE2BD2A906A753 /* Frameworks */,
			);
			sourceTree = "<group>";
		};
		B647A4CA24B1F7BA0098B7A2 /* Products */ = {
			isa = PBXGroup;
			children = (
				B647A4C924B1F7BA0098B7A2 /* FoodPicker.app */,
			);
			name = Products;
			sourceTree = "<group>";
		};
		B647A4CB24B1F7BA0098B7A2 /* FoodPicker */ = {
			isa = PBXGroup;
			children = (
				B647A4CC24B1F7BA0098B7A2 /* AppDelegate.swift */,
				B647A4CE24B1F7BA0098B7A2 /* SceneDelegate.swift */,
				B647A4E224B203600098B7A2 /* Model */,
				B647A4E324B203620098B7A2 /* View */,
				B647A50224B3146B0098B7A2 /* View Model */,
				B647A4E424B203630098B7A2 /* Controller */,
				B647A4E524B203650098B7A2 /* Utilis */,
				B685484F24BD8605009BC800 /* Service */,
				B6AE00A024DE48D000423D72 /* Core data entity */,
				B647A4D524B1F7BE0098B7A2 /* Assets.xcassets */,
				B647A4D724B1F7BE0098B7A2 /* LaunchScreen.storyboard */,
				B647A4DA24B1F7BE0098B7A2 /* Info.plist */,
				B647A4D224B1F7BA0098B7A2 /* Main.storyboard */,
				B6D1306024C01E2800040F85 /* GoogleService-Info.plist */,
			);
			path = FoodPicker;
			sourceTree = "<group>";
		};
		B647A4E224B203600098B7A2 /* Model */ = {
			isa = PBXGroup;
			children = (
				B6C7D5BB2563F63D005D2AA0 /* JsonDecode */,
				B685484D24BB0090009BC800 /* Restaurant.swift */,
				B6C7D5B72563F4F3005D2AA0 /* RestaurantAnnotation.swift */,
				B6C7D5BC2563F65A005D2AA0 /* List.swift */,
			);
			path = Model;
			sourceTree = "<group>";
		};
		B647A4E324B203620098B7A2 /* View */ = {
			isa = PBXGroup;
			children = (
				B6D1306224C02BFA00040F85 /* IntroView.swift */,
				B63C19AA251C656A0012CC4A /* RestaurantsList.swift */,
				B685484524B4511A009BC800 /* RestaurantListCell.swift */,
				B6C7D5B1255992E0005D2AA0 /* LoadingCell.swift */,
				B6AE009524D53A7700423D72 /* Main Page Card */,
				B6AE009624D53AA200423D72 /* Filter */,
				B6AE009724D53AD200423D72 /* Detail */,
				B63C19A125179AC00012CC4A /* Search */,
				B689A7A52564DF95009D270B /* Spin */,
			);
			path = View;
			sourceTree = "<group>";
		};
		B647A4E424B203630098B7A2 /* Controller */ = {
			isa = PBXGroup;
			children = (
				B6D1305F24C01B4500040F85 /* Authenticaion */,
				B6D1306824C4181400040F85 /* Tab */,
			);
			path = Controller;
			sourceTree = "<group>";
		};
		B647A4E524B203650098B7A2 /* Utilis */ = {
			isa = PBXGroup;
			children = (
				B647A4E624B2039D0098B7A2 /* Extension.swift */,
				B685484B24B6D390009BC800 /* Constants.swift */,
				B6B41AC12512068100A5ACBE /* ActionSheetLauncher.swift */,
			);
			path = Utilis;
			sourceTree = "<group>";
		};
		B647A50224B3146B0098B7A2 /* View Model */ = {
			isa = PBXGroup;
			children = (
				B647A50024B3145B0098B7A2 /* CardCellViewModel.swift */,
				B685485224BECC7F009BC800 /* LuckyWheelViewModel.swift */,
				B6D1307D24CEE80C00040F85 /* FilterViewModel.swift */,
				B6F7618D24D3F6E100318AB1 /* DetailCellViewModel.swift */,
				B6C7D5B3255BA967005D2AA0 /* DetailHeaderViewModel.swift */,
			);
			path = "View Model";
			sourceTree = "<group>";
		};
		B650ECCF257F2648004A4049 /* LuckyWheel */ = {
			isa = PBXGroup;
			children = (
				B650ECD3257F2655004A4049 /* LuckyWheel.swift */,
				B650ECD0257F2655004A4049 /* LuckyWheelItem.swift */,
				B650ECD1257F2655004A4049 /* LuckyWheelText.swift */,
				B6C90FC225E2560A008B492F /* TextLayer.swift */,
			);
			path = LuckyWheel;
			sourceTree = "<group>";
		};
		B685484F24BD8605009BC800 /* Service */ = {
			isa = PBXGroup;
			children = (
				B685484324B44938009BC800 /* LocaionHandler.swift */,
				B685485024BD8631009BC800 /* NetworkService.swift */,
				B6D1306624C16DA100040F85 /* FirebaseService.swift */,
				B6C90FC625E4F913008B492F /* CoredataService.swift */,
			);
			path = Service;
			sourceTree = "<group>";
		};
		B689A7A52564DF95009D270B /* Spin */ = {
			isa = PBXGroup;
			children = (
				B650ECCF257F2648004A4049 /* LuckyWheel */,
				B689A7A62564DFE4009D270B /* ListInfoCell.swift */,
			);
			path = Spin;
			sourceTree = "<group>";
		};
		B6A2FA8C2533E6B2005CB171 /* Search */ = {
			isa = PBXGroup;
			children = (
				B647A4EE24B22A720098B7A2 /* SearchController.swift */,
				B63C19A6251B97850012CC4A /* SearchTableViewController.swift */,
				B63C19A4251A36DE0012CC4A /* SearchResultController.swift */,
			);
			path = Search;
			sourceTree = "<group>";
		};
		B6A2FA8D2533E6C6005CB171 /* Spin */ = {
			isa = PBXGroup;
			children = (
				B647A4F024B22B010098B7A2 /* ActionController.swift */,
				B6AE009C24DD188400423D72 /* BottomSheetViewController.swift */,
				B689A7A32564DBBE009D270B /* ListTableViewController.swift */,
				B689A7A8256B84EF009D270B /* MoreOptionAlertViewContrller.swift */,
				B689A7AA2574EDB4009D270B /* EditViewController.swift */,
			);
			path = Spin;
			sourceTree = "<group>";
		};
		B6AE009524D53A7700423D72 /* Main Page Card */ = {
			isa = PBXGroup;
			children = (
				B626F57126156F9400F17F7F /* Header */,
				B626F57226156FB100F17F7F /* RestaurantContent */,
			);
			path = "Main Page Card";
			sourceTree = "<group>";
		};
		B6AE009624D53AA200423D72 /* Filter */ = {
			isa = PBXGroup;
			children = (
				B6D1307B24CEE1AF00040F85 /* FilterView.swift */,
				B6B41AC3251316E800A5ACBE /* SortOptionCell.swift */,
				B6B41AC5251316F300A5ACBE /* PriceRangeCell.swift */,
			);
			path = Filter;
			sourceTree = "<group>";
		};
		B6AE009724D53AD200423D72 /* Detail */ = {
			isa = PBXGroup;
			children = (
				B6F7618B24D3EE2300318AB1 /* DetailHeader.swift */,
				B6D1306F24CBC16200040F85 /* DetailCell.swift */,
			);
			path = Detail;
			sourceTree = "<group>";
		};
		B6AE00A024DE48D000423D72 /* Core data entity */ = {
			isa = PBXGroup;
			children = (
				B6C90FDC25E63256008B492F /* Picker.xcdatamodeld */,
			);
			path = "Core data entity";
			sourceTree = "<group>";
		};
		B6C7D5A52550FB80005D2AA0 /* Favorite */ = {
			isa = PBXGroup;
			children = (
				B647A4F224B22B100098B7A2 /* FavoriteController.swift */,
			);
			path = Favorite;
			sourceTree = "<group>";
		};
		B6C7D5A62550FB8B005D2AA0 /* Main */ = {
			isa = PBXGroup;
			children = (
				B647A4F624B22B4D0098B7A2 /* MainPageController.swift */,
				B689A7A12564CBDF009D270B /* CategoriesViewController.swift */,
				B6C7D5A92554E510005D2AA0 /* MapViewController.swift */,
				B6C7D5AD255824B7005D2AA0 /* MoreRestaurantViewController.swift */,
			);
			path = Main;
			sourceTree = "<group>";
		};
		B6C7D5A72550FB9D005D2AA0 /* Profile */ = {
			isa = PBXGroup;
			children = (
				B647A4F424B22B200098B7A2 /* ProfileController.swift */,
			);
			path = Profile;
			sourceTree = "<group>";
		};
		B6C7D5BB2563F63D005D2AA0 /* JsonDecode */ = {
			isa = PBXGroup;
			children = (
				B6C7D5B52563F3E0005D2AA0 /* RestaurantDecodeModel.swift */,
			);
			path = JsonDecode;
			sourceTree = "<group>";
		};
		B6D1305F24C01B4500040F85 /* Authenticaion */ = {
			isa = PBXGroup;
			children = (
				B6D1306424C040BC00040F85 /* IntroController.swift */,
				B6D1305D24C01B3600040F85 /* AuthController.swift */,
			);
			path = Authenticaion;
			sourceTree = "<group>";
		};
		B6D1306824C4181400040F85 /* Tab */ = {
			isa = PBXGroup;
			children = (
				B647A4E024B1FA640098B7A2 /* HomeController.swift */,
				B6D1306924C4183300040F85 /* DetailController.swift */,
				B6C7D5A62550FB8B005D2AA0 /* Main */,
				B6A2FA8C2533E6B2005CB171 /* Search */,
				B6A2FA8D2533E6C6005CB171 /* Spin */,
				B6C7D5A52550FB80005D2AA0 /* Favorite */,
				B6C7D5A72550FB9D005D2AA0 /* Profile */,
			);
			path = Tab;
			sourceTree = "<group>";
		};
		DF92DEA34AFE2BD2A906A753 /* Frameworks */ = {
			isa = PBXGroup;
			children = (
				D61EE2D2E1BC175C52587D8F /* Pods_FoodPicker.framework */,
			);
			name = Frameworks;
			sourceTree = "<group>";
		};
/* End PBXGroup section */

/* Begin PBXNativeTarget section */
		B647A4C824B1F7BA0098B7A2 /* FoodPicker */ = {
			isa = PBXNativeTarget;
			buildConfigurationList = B647A4DD24B1F7BE0098B7A2 /* Build configuration list for PBXNativeTarget "FoodPicker" */;
			buildPhases = (
				B6206A9F80B4E7D1ECA9408D /* [CP] Check Pods Manifest.lock */,
				B647A4C524B1F7BA0098B7A2 /* Sources */,
				B647A4C624B1F7BA0098B7A2 /* Frameworks */,
				B647A4C724B1F7BA0098B7A2 /* Resources */,
				C3B2F054A02BF1383935BEF9 /* [CP] Embed Pods Frameworks */,
			);
			buildRules = (
			);
			dependencies = (
			);
			name = FoodPicker;
			productName = FoodPicker;
			productReference = B647A4C924B1F7BA0098B7A2 /* FoodPicker.app */;
			productType = "com.apple.product-type.application";
		};
/* End PBXNativeTarget section */

/* Begin PBXProject section */
		B647A4C124B1F7BA0098B7A2 /* Project object */ = {
			isa = PBXProject;
			attributes = {
				LastSwiftUpdateCheck = 1130;
				LastUpgradeCheck = 1130;
				ORGANIZATIONNAME = "陳翰霖";
				TargetAttributes = {
					B647A4C824B1F7BA0098B7A2 = {
						CreatedOnToolsVersion = 11.3.1;
					};
				};
			};
			buildConfigurationList = B647A4C424B1F7BA0098B7A2 /* Build configuration list for PBXProject "FoodPicker" */;
			compatibilityVersion = "Xcode 9.3";
			developmentRegion = en;
			hasScannedForEncodings = 0;
			knownRegions = (
				en,
				Base,
			);
			mainGroup = B647A4C024B1F7BA0098B7A2;
			productRefGroup = B647A4CA24B1F7BA0098B7A2 /* Products */;
			projectDirPath = "";
			projectRoot = "";
			targets = (
				B647A4C824B1F7BA0098B7A2 /* FoodPicker */,
			);
		};
/* End PBXProject section */

/* Begin PBXResourcesBuildPhase section */
		B647A4C724B1F7BA0098B7A2 /* Resources */ = {
			isa = PBXResourcesBuildPhase;
			buildActionMask = 2147483647;
			files = (
				B647A4D924B1F7BE0098B7A2 /* LaunchScreen.storyboard in Resources */,
				B6D1306124C01E2800040F85 /* GoogleService-Info.plist in Resources */,
				B647A4D624B1F7BE0098B7A2 /* Assets.xcassets in Resources */,
				B647A4D424B1F7BA0098B7A2 /* Main.storyboard in Resources */,
			);
			runOnlyForDeploymentPostprocessing = 0;
		};
/* End PBXResourcesBuildPhase section */

/* Begin PBXShellScriptBuildPhase section */
		B6206A9F80B4E7D1ECA9408D /* [CP] Check Pods Manifest.lock */ = {
			isa = PBXShellScriptBuildPhase;
			buildActionMask = 2147483647;
			files = (
			);
			inputFileListPaths = (
			);
			inputPaths = (
				"${PODS_PODFILE_DIR_PATH}/Podfile.lock",
				"${PODS_ROOT}/Manifest.lock",
			);
			name = "[CP] Check Pods Manifest.lock";
			outputFileListPaths = (
			);
			outputPaths = (
				"$(DERIVED_FILE_DIR)/Pods-FoodPicker-checkManifestLockResult.txt",
			);
			runOnlyForDeploymentPostprocessing = 0;
			shellPath = /bin/sh;
			shellScript = "diff \"${PODS_PODFILE_DIR_PATH}/Podfile.lock\" \"${PODS_ROOT}/Manifest.lock\" > /dev/null\nif [ $? != 0 ] ; then\n    # print error to STDERR\n    echo \"error: The sandbox is not in sync with the Podfile.lock. Run 'pod install' or update your CocoaPods installation.\" >&2\n    exit 1\nfi\n# This output is used by Xcode 'outputs' to avoid re-running this script phase.\necho \"SUCCESS\" > \"${SCRIPT_OUTPUT_FILE_0}\"\n";
			showEnvVarsInLog = 0;
		};
		C3B2F054A02BF1383935BEF9 /* [CP] Embed Pods Frameworks */ = {
			isa = PBXShellScriptBuildPhase;
			buildActionMask = 2147483647;
			files = (
			);
			inputFileListPaths = (
				"${PODS_ROOT}/Target Support Files/Pods-FoodPicker/Pods-FoodPicker-frameworks-${CONFIGURATION}-input-files.xcfilelist",
			);
			name = "[CP] Embed Pods Frameworks";
			outputFileListPaths = (
				"${PODS_ROOT}/Target Support Files/Pods-FoodPicker/Pods-FoodPicker-frameworks-${CONFIGURATION}-output-files.xcfilelist",
			);
			runOnlyForDeploymentPostprocessing = 0;
			shellPath = /bin/sh;
			shellScript = "\"${PODS_ROOT}/Target Support Files/Pods-FoodPicker/Pods-FoodPicker-frameworks.sh\"\n";
			showEnvVarsInLog = 0;
		};
/* End PBXShellScriptBuildPhase section */

/* Begin PBXSourcesBuildPhase section */
		B647A4C524B1F7BA0098B7A2 /* Sources */ = {
			isa = PBXSourcesBuildPhase;
			buildActionMask = 2147483647;
			files = (
				B685484E24BB0090009BC800 /* Restaurant.swift in Sources */,
				B650ECD5257F2655004A4049 /* LuckyWheelText.swift in Sources */,
				B6B41AC6251316F300A5ACBE /* PriceRangeCell.swift in Sources */,
				B647A4F724B22B4D0098B7A2 /* MainPageController.swift in Sources */,
				B685484C24B6D390009BC800 /* Constants.swift in Sources */,
				B6F7618C24D3EE2300318AB1 /* DetailHeader.swift in Sources */,
				B685484424B44938009BC800 /* LocaionHandler.swift in Sources */,
				B6C90FDE25E63256008B492F /* Picker.xcdatamodeld in Sources */,
				B647A4CD24B1F7BA0098B7A2 /* AppDelegate.swift in Sources */,
				B647A4EF24B22A720098B7A2 /* SearchController.swift in Sources */,
				B6C7D5AA2554E510005D2AA0 /* MapViewController.swift in Sources */,
				B6D1307024CBC16200040F85 /* DetailCell.swift in Sources */,
				B6C7D5B62563F3E0005D2AA0 /* RestaurantDecodeModel.swift in Sources */,
				B689A7A42564DBBE009D270B /* ListTableViewController.swift in Sources */,
				B689A7A72564DFE4009D270B /* ListInfoCell.swift in Sources */,
				B63C19A325179B090012CC4A /* SearchShortcutSection.swift in Sources */,
				B6D1307E24CEE80C00040F85 /* FilterViewModel.swift in Sources */,
				B6C7D5B2255992E0005D2AA0 /* LoadingCell.swift in Sources */,
				B6C7D5AE255824B7005D2AA0 /* MoreRestaurantViewController.swift in Sources */,
				B647A4FF24B3007A0098B7A2 /* CategoryCardCell.swift in Sources */,
				B647A50124B3145B0098B7A2 /* CardCellViewModel.swift in Sources */,
				B6A2FA8B25304A48005CB171 /* CategoryCardWall.swift in Sources */,
				B6AE009D24DD188400423D72 /* BottomSheetViewController.swift in Sources */,
				B6D1306A24C4183300040F85 /* DetailController.swift in Sources */,
				B689A7A9256B84EF009D270B /* MoreOptionAlertViewContrller.swift in Sources */,
				B63C19A7251B97850012CC4A /* SearchTableViewController.swift in Sources */,
				B647A4FB24B2BE940098B7A2 /* MainPageNavigationBar.swift in Sources */,
				B647A4CF24B1F7BA0098B7A2 /* SceneDelegate.swift in Sources */,
				B6D1305E24C01B3600040F85 /* AuthController.swift in Sources */,
				B650ECD4257F2655004A4049 /* LuckyWheelItem.swift in Sources */,
				B647A4F124B22B010098B7A2 /* ActionController.swift in Sources */,
				B647A4E124B1FA640098B7A2 /* HomeController.swift in Sources */,
				B647A4E724B2039D0098B7A2 /* Extension.swift in Sources */,
				B6AE009924D7F94F00423D72 /* CategoriesCard.swift in Sources */,
				B6B41AC4251316E800A5ACBE /* SortOptionCell.swift in Sources */,
				B685485124BD8631009BC800 /* NetworkService.swift in Sources */,
				B650ECD7257F2655004A4049 /* LuckyWheel.swift in Sources */,
				B6C90FC725E4F913008B492F /* CoredataService.swift in Sources */,
				B647A4F924B22D530098B7A2 /* FilterResultSection.swift in Sources */,
				B6D1306324C02BFA00040F85 /* IntroView.swift in Sources */,
				B6C7D5BD2563F65A005D2AA0 /* List.swift in Sources */,
				B63C19A9251B97EA0012CC4A /* SearchCell.swift in Sources */,
				B6F7618E24D3F6E100318AB1 /* DetailCellViewModel.swift in Sources */,
				B689A7A22564CBDF009D270B /* CategoriesViewController.swift in Sources */,
				B6C7D5B4255BA967005D2AA0 /* DetailHeaderViewModel.swift in Sources */,
				B647A4F324B22B100098B7A2 /* FavoriteController.swift in Sources */,
				B685484624B4511A009BC800 /* RestaurantListCell.swift in Sources */,
				B6C7D5B0255843C1005D2AA0 /* MoreRestaurantsFooterView.swift in Sources */,
				B6D1306724C16DA100040F85 /* FirebaseService.swift in Sources */,
				B647A4F524B22B200098B7A2 /* ProfileController.swift in Sources */,
				B63C19AB251C656A0012CC4A /* RestaurantsList.swift in Sources */,
				B647A4FD24B2F4A70098B7A2 /* RestaurantCardCell.swift in Sources */,
				B6C7D5B82563F4F3005D2AA0 /* RestaurantAnnotation.swift in Sources */,
				B6C90FC325E2560A008B492F /* TextLayer.swift in Sources */,
				B6B41AC024FE3C3F00A5ACBE /* AllRestaurantsSection.swift in Sources */,
				B689A7AB2574EDB4009D270B /* EditViewController.swift in Sources */,
				B685485324BECC7F009BC800 /* LuckyWheelViewModel.swift in Sources */,
				B6D1307C24CEE1AF00040F85 /* FilterView.swift in Sources */,
				B6D1306524C040BC00040F85 /* IntroController.swift in Sources */,
				B63C19A5251A36DE0012CC4A /* SearchResultController.swift in Sources */,
				B6B41AC22512068100A5ACBE /* ActionSheetLauncher.swift in Sources */,
			);
			runOnlyForDeploymentPostprocessing = 0;
		};
/* End PBXSourcesBuildPhase section */

/* Begin PBXVariantGroup section */
		B647A4D224B1F7BA0098B7A2 /* Main.storyboard */ = {
			isa = PBXVariantGroup;
			children = (
				B647A4D324B1F7BA0098B7A2 /* Base */,
			);
			name = Main.storyboard;
			sourceTree = "<group>";
		};
		B647A4D724B1F7BE0098B7A2 /* LaunchScreen.storyboard */ = {
			isa = PBXVariantGroup;
			children = (
				B647A4D824B1F7BE0098B7A2 /* Base */,
			);
			name = LaunchScreen.storyboard;
			sourceTree = "<group>";
		};
/* End PBXVariantGroup section */

/* Begin XCBuildConfiguration section */
		B647A4DB24B1F7BE0098B7A2 /* Debug */ = {
			isa = XCBuildConfiguration;
			buildSettings = {
				ALWAYS_SEARCH_USER_PATHS = NO;
				CLANG_ANALYZER_NONNULL = YES;
				CLANG_ANALYZER_NUMBER_OBJECT_CONVERSION = YES_AGGRESSIVE;
				CLANG_CXX_LANGUAGE_STANDARD = "gnu++14";
				CLANG_CXX_LIBRARY = "libc++";
				CLANG_ENABLE_MODULES = YES;
				CLANG_ENABLE_OBJC_ARC = YES;
				CLANG_ENABLE_OBJC_WEAK = YES;
				CLANG_WARN_BLOCK_CAPTURE_AUTORELEASING = YES;
				CLANG_WARN_BOOL_CONVERSION = YES;
				CLANG_WARN_COMMA = YES;
				CLANG_WARN_CONSTANT_CONVERSION = YES;
				CLANG_WARN_DEPRECATED_OBJC_IMPLEMENTATIONS = YES;
				CLANG_WARN_DIRECT_OBJC_ISA_USAGE = YES_ERROR;
				CLANG_WARN_DOCUMENTATION_COMMENTS = YES;
				CLANG_WARN_EMPTY_BODY = YES;
				CLANG_WARN_ENUM_CONVERSION = YES;
				CLANG_WARN_INFINITE_RECURSION = YES;
				CLANG_WARN_INT_CONVERSION = YES;
				CLANG_WARN_NON_LITERAL_NULL_CONVERSION = YES;
				CLANG_WARN_OBJC_IMPLICIT_RETAIN_SELF = YES;
				CLANG_WARN_OBJC_LITERAL_CONVERSION = YES;
				CLANG_WARN_OBJC_ROOT_CLASS = YES_ERROR;
				CLANG_WARN_RANGE_LOOP_ANALYSIS = YES;
				CLANG_WARN_STRICT_PROTOTYPES = YES;
				CLANG_WARN_SUSPICIOUS_MOVE = YES;
				CLANG_WARN_UNGUARDED_AVAILABILITY = YES_AGGRESSIVE;
				CLANG_WARN_UNREACHABLE_CODE = YES;
				CLANG_WARN__DUPLICATE_METHOD_MATCH = YES;
				COPY_PHASE_STRIP = NO;
				DEBUG_INFORMATION_FORMAT = dwarf;
				ENABLE_STRICT_OBJC_MSGSEND = YES;
				ENABLE_TESTABILITY = YES;
				GCC_C_LANGUAGE_STANDARD = gnu11;
				GCC_DYNAMIC_NO_PIC = NO;
				GCC_NO_COMMON_BLOCKS = YES;
				GCC_OPTIMIZATION_LEVEL = 0;
				GCC_PREPROCESSOR_DEFINITIONS = (
					"DEBUG=1",
					"$(inherited)",
				);
				GCC_WARN_64_TO_32_BIT_CONVERSION = YES;
				GCC_WARN_ABOUT_RETURN_TYPE = YES_ERROR;
				GCC_WARN_UNDECLARED_SELECTOR = YES;
				GCC_WARN_UNINITIALIZED_AUTOS = YES_AGGRESSIVE;
				GCC_WARN_UNUSED_FUNCTION = YES;
				GCC_WARN_UNUSED_VARIABLE = YES;
				IPHONEOS_DEPLOYMENT_TARGET = 13.2;
				MTL_ENABLE_DEBUG_INFO = INCLUDE_SOURCE;
				MTL_FAST_MATH = YES;
				ONLY_ACTIVE_ARCH = YES;
				SDKROOT = iphoneos;
				SWIFT_ACTIVE_COMPILATION_CONDITIONS = DEBUG;
				SWIFT_OPTIMIZATION_LEVEL = "-Onone";
			};
			name = Debug;
		};
		B647A4DC24B1F7BE0098B7A2 /* Release */ = {
			isa = XCBuildConfiguration;
			buildSettings = {
				ALWAYS_SEARCH_USER_PATHS = NO;
				CLANG_ANALYZER_NONNULL = YES;
				CLANG_ANALYZER_NUMBER_OBJECT_CONVERSION = YES_AGGRESSIVE;
				CLANG_CXX_LANGUAGE_STANDARD = "gnu++14";
				CLANG_CXX_LIBRARY = "libc++";
				CLANG_ENABLE_MODULES = YES;
				CLANG_ENABLE_OBJC_ARC = YES;
				CLANG_ENABLE_OBJC_WEAK = YES;
				CLANG_WARN_BLOCK_CAPTURE_AUTORELEASING = YES;
				CLANG_WARN_BOOL_CONVERSION = YES;
				CLANG_WARN_COMMA = YES;
				CLANG_WARN_CONSTANT_CONVERSION = YES;
				CLANG_WARN_DEPRECATED_OBJC_IMPLEMENTATIONS = YES;
				CLANG_WARN_DIRECT_OBJC_ISA_USAGE = YES_ERROR;
				CLANG_WARN_DOCUMENTATION_COMMENTS = YES;
				CLANG_WARN_EMPTY_BODY = YES;
				CLANG_WARN_ENUM_CONVERSION = YES;
				CLANG_WARN_INFINITE_RECURSION = YES;
				CLANG_WARN_INT_CONVERSION = YES;
				CLANG_WARN_NON_LITERAL_NULL_CONVERSION = YES;
				CLANG_WARN_OBJC_IMPLICIT_RETAIN_SELF = YES;
				CLANG_WARN_OBJC_LITERAL_CONVERSION = YES;
				CLANG_WARN_OBJC_ROOT_CLASS = YES_ERROR;
				CLANG_WARN_RANGE_LOOP_ANALYSIS = YES;
				CLANG_WARN_STRICT_PROTOTYPES = YES;
				CLANG_WARN_SUSPICIOUS_MOVE = YES;
				CLANG_WARN_UNGUARDED_AVAILABILITY = YES_AGGRESSIVE;
				CLANG_WARN_UNREACHABLE_CODE = YES;
				CLANG_WARN__DUPLICATE_METHOD_MATCH = YES;
				COPY_PHASE_STRIP = NO;
				DEBUG_INFORMATION_FORMAT = "dwarf-with-dsym";
				ENABLE_NS_ASSERTIONS = NO;
				ENABLE_STRICT_OBJC_MSGSEND = YES;
				GCC_C_LANGUAGE_STANDARD = gnu11;
				GCC_NO_COMMON_BLOCKS = YES;
				GCC_WARN_64_TO_32_BIT_CONVERSION = YES;
				GCC_WARN_ABOUT_RETURN_TYPE = YES_ERROR;
				GCC_WARN_UNDECLARED_SELECTOR = YES;
				GCC_WARN_UNINITIALIZED_AUTOS = YES_AGGRESSIVE;
				GCC_WARN_UNUSED_FUNCTION = YES;
				GCC_WARN_UNUSED_VARIABLE = YES;
				IPHONEOS_DEPLOYMENT_TARGET = 13.2;
				MTL_ENABLE_DEBUG_INFO = NO;
				MTL_FAST_MATH = YES;
				SDKROOT = iphoneos;
				SWIFT_COMPILATION_MODE = wholemodule;
				SWIFT_OPTIMIZATION_LEVEL = "-Onone";
				VALIDATE_PRODUCT = YES;
			};
			name = Release;
		};
		B647A4DE24B1F7BE0098B7A2 /* Debug */ = {
			isa = XCBuildConfiguration;
			baseConfigurationReference = 806452F141FD8946755FE0F6 /* Pods-FoodPicker.debug.xcconfig */;
			buildSettings = {
				ASSETCATALOG_COMPILER_APPICON_NAME = AppIcon;
				CODE_SIGN_STYLE = Automatic;
				DEVELOPMENT_TEAM = 83AH7T8DV5;
				INFOPLIST_FILE = FoodPicker/Info.plist;
				LD_RUNPATH_SEARCH_PATHS = (
					"$(inherited)",
					"@executable_path/Frameworks",
				);
				PRODUCT_BUNDLE_IDENTIFIER = com.hanlin.FoodPicker;
				PRODUCT_NAME = "$(TARGET_NAME)";
				SWIFT_VERSION = 5.0;
				TARGETED_DEVICE_FAMILY = "1,2";
			};
			name = Debug;
		};
		B647A4DF24B1F7BE0098B7A2 /* Release */ = {
			isa = XCBuildConfiguration;
			baseConfigurationReference = 43A1E6C9EDBAD1A2739824AE /* Pods-FoodPicker.release.xcconfig */;
			buildSettings = {
				ASSETCATALOG_COMPILER_APPICON_NAME = AppIcon;
				CODE_SIGN_STYLE = Automatic;
				DEVELOPMENT_TEAM = 83AH7T8DV5;
				INFOPLIST_FILE = FoodPicker/Info.plist;
				LD_RUNPATH_SEARCH_PATHS = (
					"$(inherited)",
					"@executable_path/Frameworks",
				);
				PRODUCT_BUNDLE_IDENTIFIER = com.hanlin.FoodPicker;
				PRODUCT_NAME = "$(TARGET_NAME)";
				SWIFT_VERSION = 5.0;
				TARGETED_DEVICE_FAMILY = "1,2";
			};
			name = Release;
		};
/* End XCBuildConfiguration section */

/* Begin XCConfigurationList section */
		B647A4C424B1F7BA0098B7A2 /* Build configuration list for PBXProject "FoodPicker" */ = {
			isa = XCConfigurationList;
			buildConfigurations = (
				B647A4DB24B1F7BE0098B7A2 /* Debug */,
				B647A4DC24B1F7BE0098B7A2 /* Release */,
			);
			defaultConfigurationIsVisible = 0;
			defaultConfigurationName = Release;
		};
		B647A4DD24B1F7BE0098B7A2 /* Build configuration list for PBXNativeTarget "FoodPicker" */ = {
			isa = XCConfigurationList;
			buildConfigurations = (
				B647A4DE24B1F7BE0098B7A2 /* Debug */,
				B647A4DF24B1F7BE0098B7A2 /* Release */,
			);
			defaultConfigurationIsVisible = 0;
			defaultConfigurationName = Release;
		};
/* End XCConfigurationList section */

/* Begin XCVersionGroup section */
		B6C90FDC25E63256008B492F /* Picker.xcdatamodeld */ = {
			isa = XCVersionGroup;
			children = (
				B6C90FDD25E63256008B492F /* Picker.xcdatamodel */,
			);
			currentVersion = B6C90FDD25E63256008B492F /* Picker.xcdatamodel */;
			path = Picker.xcdatamodeld;
			sourceTree = "<group>";
			versionGroupType = wrapper.xcdatamodel;
		};
/* End XCVersionGroup section */
	};
	rootObject = B647A4C124B1F7BA0098B7A2 /* Project object */;
}
