// !$*UTF8*$!
{
	archiveVersion = 1;
	classes = {
	};
	objectVersion = 52;
	objects = {

/* Begin PBXBuildFile section */
		34E70F312F31F8E2CB2A5415 /* Pods_FoodPicker.framework in Frameworks */ = {isa = PBXBuildFile; fileRef = E100F4CF94676583B4975A33 /* Pods_FoodPicker.framework */; };
		5C82D065E144F18602965903 /* Pods_FoodPickerTests.framework in Frameworks */ = {isa = PBXBuildFile; fileRef = 4E4685F40435174A5EA43F4B /* Pods_FoodPickerTests.framework */; };
		B606C07F2894E69000139907 /* SpinTabItemView.swift in Sources */ = {isa = PBXBuildFile; fileRef = B606C07E2894E69000139907 /* SpinTabItemView.swift */; };
		B60CC1B128C3313800AF2B53 /* ZoomAndSnapFlowLayout.swift in Sources */ = {isa = PBXBuildFile; fileRef = B60CC1B028C3313800AF2B53 /* ZoomAndSnapFlowLayout.swift */; };
		B60CC1B628C63E4400AF2B53 /* RestaurantPresenter.swift in Sources */ = {isa = PBXBuildFile; fileRef = B60CC1B528C63E4400AF2B53 /* RestaurantPresenter.swift */; };
		B60CC1BA28C641EE00AF2B53 /* ExploreCoordinator.swift in Sources */ = {isa = PBXBuildFile; fileRef = B60CC1B928C641EE00AF2B53 /* ExploreCoordinator.swift */; };
		B60CC1BD28C6426200AF2B53 /* Coordinator.swift in Sources */ = {isa = PBXBuildFile; fileRef = B60CC1BC28C6426200AF2B53 /* Coordinator.swift */; };
		B612E3FB28DCC99F005721E3 /* TextFieldClearButton.swift in Sources */ = {isa = PBXBuildFile; fileRef = B612E3FA28DCC99F005721E3 /* TextFieldClearButton.swift */; };
		B612E3FD28DE03D6005721E3 /* TypeAlias.swift in Sources */ = {isa = PBXBuildFile; fileRef = B612E3FC28DE03D6005721E3 /* TypeAlias.swift */; };
		B612E40128DEFE05005721E3 /* AppSettingHelper.swift in Sources */ = {isa = PBXBuildFile; fileRef = B612E40028DEFE05005721E3 /* AppSettingHelper.swift */; };
		B615FF9E28CADCAD000BD3A0 /* ToastStyleTheme.swift in Sources */ = {isa = PBXBuildFile; fileRef = B615FF9D28CADCAD000BD3A0 /* ToastStyleTheme.swift */; };
		B620483329F9026C00732275 /* FeedViewController+FeedViewLayout.swift in Sources */ = {isa = PBXBuildFile; fileRef = B620483229F9026C00732275 /* FeedViewController+FeedViewLayout.swift */; };
		B620483F29FA1D7F00732275 /* FeedViewController+DataSource.swift in Sources */ = {isa = PBXBuildFile; fileRef = B620483E29FA1D7F00732275 /* FeedViewController+DataSource.swift */; };
		B634A70B28A6AF6100796D63 /* View+Extensions.swift in Sources */ = {isa = PBXBuildFile; fileRef = B634A70A28A6AF6100796D63 /* View+Extensions.swift */; };
		B634A70D28A6C0CA00796D63 /* RoundedCorner.swift in Sources */ = {isa = PBXBuildFile; fileRef = B634A70C28A6C0CA00796D63 /* RoundedCorner.swift */; };
		B634A71128A74DEB00796D63 /* Text+Extensions.swift in Sources */ = {isa = PBXBuildFile; fileRef = B634A71028A74DEB00796D63 /* Text+Extensions.swift */; };
		B634A71328A74E1500796D63 /* Color+Extensions.swift in Sources */ = {isa = PBXBuildFile; fileRef = B634A71228A74E1500796D63 /* Color+Extensions.swift */; };
		B634A71528A74E8600796D63 /* Int+Extensions.swift in Sources */ = {isa = PBXBuildFile; fileRef = B634A71428A74E8600796D63 /* Int+Extensions.swift */; };
		B63548F628B51EB500136A15 /* URLCache+Extensions.swift in Sources */ = {isa = PBXBuildFile; fileRef = B63548F528B51EB500136A15 /* URLCache+Extensions.swift */; };
		B63E497928BA20FB00714F94 /* UITableView+Extensions.swift in Sources */ = {isa = PBXBuildFile; fileRef = B63E497828BA20FB00714F94 /* UITableView+Extensions.swift */; };
		B6413B3328BB2C7A0071F5B3 /* DateUtils.swift in Sources */ = {isa = PBXBuildFile; fileRef = B6413B3228BB2C7A0071F5B3 /* DateUtils.swift */; };
		B647A4CD24B1F7BA0098B7A2 /* AppDelegate.swift in Sources */ = {isa = PBXBuildFile; fileRef = B647A4CC24B1F7BA0098B7A2 /* AppDelegate.swift */; };
		B647A4CF24B1F7BA0098B7A2 /* SceneDelegate.swift in Sources */ = {isa = PBXBuildFile; fileRef = B647A4CE24B1F7BA0098B7A2 /* SceneDelegate.swift */; };
		B647A4D624B1F7BE0098B7A2 /* Assets.xcassets in Resources */ = {isa = PBXBuildFile; fileRef = B647A4D524B1F7BE0098B7A2 /* Assets.xcassets */; };
		B647A4D924B1F7BE0098B7A2 /* LaunchScreen.storyboard in Resources */ = {isa = PBXBuildFile; fileRef = B647A4D724B1F7BE0098B7A2 /* LaunchScreen.storyboard */; };
		B647A4E124B1FA640098B7A2 /* MainTabBarController.swift in Sources */ = {isa = PBXBuildFile; fileRef = B647A4E024B1FA640098B7A2 /* MainTabBarController.swift */; };
		B647A4E724B2039D0098B7A2 /* Extension.swift in Sources */ = {isa = PBXBuildFile; fileRef = B647A4E624B2039D0098B7A2 /* Extension.swift */; };
		B64BE92428B28D3F0072F6A0 /* Alert.swift in Sources */ = {isa = PBXBuildFile; fileRef = B64BE92328B28D3F0072F6A0 /* Alert.swift */; };
		B683140A29D596F600340782 /* Config.swift in Sources */ = {isa = PBXBuildFile; fileRef = B683140929D596F600340782 /* Config.swift */; };
		B683140D29D6B8C900340782 /* AppCoordinator.swift in Sources */ = {isa = PBXBuildFile; fileRef = B683140C29D6B8C900340782 /* AppCoordinator.swift */; };
		B683141029D6BC8B00340782 /* R.generated.swift in Sources */ = {isa = PBXBuildFile; fileRef = B683140F29D6BC8B00340782 /* R.generated.swift */; };
		B683142229D80D8700340782 /* AFNetworkingManager.swift in Sources */ = {isa = PBXBuildFile; fileRef = B683142129D80D8700340782 /* AFNetworkingManager.swift */; };
		B683142529D8124E00340782 /* AFNetworkingManagerTests.swift in Sources */ = {isa = PBXBuildFile; fileRef = B683142429D8124E00340782 /* AFNetworkingManagerTests.swift */; };
		B683142729D8126B00340782 /* MockURLProtocol.swift in Sources */ = {isa = PBXBuildFile; fileRef = B683142629D8126B00340782 /* MockURLProtocol.swift */; };
		B683142C29D81FEB00340782 /* StaticBusinesses.json in Resources */ = {isa = PBXBuildFile; fileRef = B683142B29D81FEB00340782 /* StaticBusinesses.json */; };
		B683142E29D82AC400340782 /* NetworkingError.swift in Sources */ = {isa = PBXBuildFile; fileRef = B683142D29D82AC400340782 /* NetworkingError.swift */; };
		B683143129E2AF5500340782 /* LocationManager.swift in Sources */ = {isa = PBXBuildFile; fileRef = B683143029E2AF5500340782 /* LocationManager.swift */; };
		B683143329E412DD00340782 /* LocationManager+Status.swift in Sources */ = {isa = PBXBuildFile; fileRef = B683143229E412DD00340782 /* LocationManager+Status.swift */; };
		B683143529E4130400340782 /* LocationManager+CLLocationManagerDelegate.swift in Sources */ = {isa = PBXBuildFile; fileRef = B683143429E4130400340782 /* LocationManager+CLLocationManagerDelegate.swift */; };
		B685484C24B6D390009BC800 /* Constants.swift in Sources */ = {isa = PBXBuildFile; fileRef = B685484B24B6D390009BC800 /* Constants.swift */; };
		B68551B128C30EEF0077C47E /* RestaurantViewObject.swift in Sources */ = {isa = PBXBuildFile; fileRef = B68551B028C30EEF0077C47E /* RestaurantViewObject.swift */; };
		B68DD02C26803935008E1FDE /* UILabel+Extensions.swift in Sources */ = {isa = PBXBuildFile; fileRef = B68DD02B26803935008E1FDE /* UILabel+Extensions.swift */; };
		B690436728A1633F00278964 /* Detail.swift in Sources */ = {isa = PBXBuildFile; fileRef = B690436628A1633F00278964 /* Detail.swift */; };
		B692F1A728E7FCE200DA90E9 /* StrechyHeaderLayout.swift in Sources */ = {isa = PBXBuildFile; fileRef = B692F1A628E7FCE200DA90E9 /* StrechyHeaderLayout.swift */; };
		B692F1AD28E82C7400DA90E9 /* RestaurantPresenterTests.swift in Sources */ = {isa = PBXBuildFile; fileRef = B692F1AC28E82C7400DA90E9 /* RestaurantPresenterTests.swift */; };
		B6A0F94829EFB684003470EE /* TabCoordinator.swift in Sources */ = {isa = PBXBuildFile; fileRef = B6A0F94729EFB684003470EE /* TabCoordinator.swift */; };
		B6A0F94A29EFB6B0003470EE /* TabBarController.swift in Sources */ = {isa = PBXBuildFile; fileRef = B6A0F94929EFB6B0003470EE /* TabBarController.swift */; };
		B6A0F94C29EFB6DB003470EE /* Scrollable.swift in Sources */ = {isa = PBXBuildFile; fileRef = B6A0F94B29EFB6DB003470EE /* Scrollable.swift */; };
		B6A0F95129EFBA10003470EE /* PocketCoordinator.swift in Sources */ = {isa = PBXBuildFile; fileRef = B6A0F95029EFBA10003470EE /* PocketCoordinator.swift */; };
		B6A0F95329EFBA1A003470EE /* PocketViewController.swift in Sources */ = {isa = PBXBuildFile; fileRef = B6A0F95229EFBA1A003470EE /* PocketViewController.swift */; };
		B6A0F95529EFC3BB003470EE /* TabCoordinatorViewModel.swift in Sources */ = {isa = PBXBuildFile; fileRef = B6A0F95429EFC3BB003470EE /* TabCoordinatorViewModel.swift */; };
		B6A0F95829F00A98003470EE /* LocationManagerProtocol.swift in Sources */ = {isa = PBXBuildFile; fileRef = B6A0F95729F00A98003470EE /* LocationManagerProtocol.swift */; };
		B6A0F95B29F25F69003470EE /* Kingfisher in Frameworks */ = {isa = PBXBuildFile; productRef = B6A0F95A29F25F69003470EE /* Kingfisher */; };
		B6A0F95D29F26FC9003470EE /* ExploreMainViewController.swift in Sources */ = {isa = PBXBuildFile; fileRef = B6A0F95C29F26FC9003470EE /* ExploreMainViewController.swift */; };
		B6A0F95F29F2703F003470EE /* FeedViewController.swift in Sources */ = {isa = PBXBuildFile; fileRef = B6A0F95E29F2703F003470EE /* FeedViewController.swift */; };
		B6A0F96129F271E1003470EE /* MapViewController.swift in Sources */ = {isa = PBXBuildFile; fileRef = B6A0F96029F271E1003470EE /* MapViewController.swift */; };
		B6A0F96529F27BC5003470EE /* NearbySearchRequest.swift in Sources */ = {isa = PBXBuildFile; fileRef = B6A0F96429F27BC5003470EE /* NearbySearchRequest.swift */; };
		B6A0F96829F27DD1003470EE /* CastError.swift in Sources */ = {isa = PBXBuildFile; fileRef = B6A0F96729F27DD1003470EE /* CastError.swift */; };
		B6A0F96A29F27E36003470EE /* PlaceApiResponse.swift in Sources */ = {isa = PBXBuildFile; fileRef = B6A0F96929F27E36003470EE /* PlaceApiResponse.swift */; };
		B6A0F96C29F280E9003470EE /* Place.json in Resources */ = {isa = PBXBuildFile; fileRef = B6A0F96B29F280E9003470EE /* Place.json */; };
		B6A0F97029F3A105003470EE /* NearbySearchRequestTests.swift in Sources */ = {isa = PBXBuildFile; fileRef = B6A0F96F29F3A105003470EE /* NearbySearchRequestTests.swift */; };
		B6A0F97329F3A230003470EE /* TestSessionAdapter.swift in Sources */ = {isa = PBXBuildFile; fileRef = B6A0F97229F3A230003470EE /* TestSessionAdapter.swift */; };
		B6A0F97529F3A252003470EE /* TestSessionTask.swift in Sources */ = {isa = PBXBuildFile; fileRef = B6A0F97429F3A252003470EE /* TestSessionTask.swift */; };
		B6A0F97729F3A302003470EE /* StaticJsonFileReader.swift in Sources */ = {isa = PBXBuildFile; fileRef = B6A0F97629F3A302003470EE /* StaticJsonFileReader.swift */; };
		B6A0F97929F3A6D2003470EE /* NearbySearchProvider.swift in Sources */ = {isa = PBXBuildFile; fileRef = B6A0F97829F3A6D2003470EE /* NearbySearchProvider.swift */; };
		B6A0F97C29F3C4A8003470EE /* WheelViewController.swift in Sources */ = {isa = PBXBuildFile; fileRef = B6A0F97B29F3C4A8003470EE /* WheelViewController.swift */; };
		B6A0F9BD29F3C795003470EE /* WheelCoordinator.swift in Sources */ = {isa = PBXBuildFile; fileRef = B6A0F9BC29F3C795003470EE /* WheelCoordinator.swift */; };
		B6A0F9C629F3C869003470EE /* WheelUI.framework in Frameworks */ = {isa = PBXBuildFile; fileRef = B6A0F9A729F3C6E4003470EE /* WheelUI.framework */; };
		B6A0F9C729F3C869003470EE /* WheelUI.framework in Embed Frameworks */ = {isa = PBXBuildFile; fileRef = B6A0F9A729F3C6E4003470EE /* WheelUI.framework */; settings = {ATTRIBUTES = (CodeSignOnCopy, RemoveHeadersOnCopy, ); }; };
		B6ABC1E328B087FC007398F4 /* Map+Extensions.swift in Sources */ = {isa = PBXBuildFile; fileRef = B6ABC1E228B087FC007398F4 /* Map+Extensions.swift */; };
		B6ABC1E628B08982007398F4 /* DetailViewModel.swift in Sources */ = {isa = PBXBuildFile; fileRef = B6ABC1E528B08982007398F4 /* DetailViewModel.swift */; };
		B6ABC1E928B0953A007398F4 /* FirstRowPressenter.swift in Sources */ = {isa = PBXBuildFile; fileRef = B6ABC1E828B0953A007398F4 /* FirstRowPressenter.swift */; };
		B6ABC1EB28B09543007398F4 /* SecondRowPresenter.swift in Sources */ = {isa = PBXBuildFile; fileRef = B6ABC1EA28B09543007398F4 /* SecondRowPresenter.swift */; };
		B6ABC1ED28B09550007398F4 /* ThirdRowPresenter.swift in Sources */ = {isa = PBXBuildFile; fileRef = B6ABC1EC28B09550007398F4 /* ThirdRowPresenter.swift */; };
		B6ABC1EF28B095B8007398F4 /* DetailRowPresenter.swift in Sources */ = {isa = PBXBuildFile; fileRef = B6ABC1EE28B095B8007398F4 /* DetailRowPresenter.swift */; };
		B6B84D4B2665D4BD002E418D /* UIView+Extension.swift in Sources */ = {isa = PBXBuildFile; fileRef = B6B84D4A2665D4BD002E418D /* UIView+Extension.swift */; };
		B6B84D4D2665D4DE002E418D /* UIButton+ Extension.swift in Sources */ = {isa = PBXBuildFile; fileRef = B6B84D4C2665D4DE002E418D /* UIButton+ Extension.swift */; };
		B6B84D4F2665D50D002E418D /* UITextField +Extension.swift in Sources */ = {isa = PBXBuildFile; fileRef = B6B84D4E2665D50D002E418D /* UITextField +Extension.swift */; };
		B6B84D512665D52F002E418D /* UIFont+UIColor+Extension.swift in Sources */ = {isa = PBXBuildFile; fileRef = B6B84D502665D52F002E418D /* UIFont+UIColor+Extension.swift */; };
		B6B84D532665D579002E418D /* UIViewController+Extension.swift in Sources */ = {isa = PBXBuildFile; fileRef = B6B84D522665D579002E418D /* UIViewController+Extension.swift */; };
		B6B84D58266633C4002E418D /* ErrorView.swift in Sources */ = {isa = PBXBuildFile; fileRef = B6B84D57266633C4002E418D /* ErrorView.swift */; };
		B6B9976828B9F1A1007C3D1D /* NSAttributedString+Extensions.swift in Sources */ = {isa = PBXBuildFile; fileRef = B6B9976728B9F1A1007C3D1D /* NSAttributedString+Extensions.swift */; };
		B6B9976B28BA0A2A007C3D1D /* NotchView.swift in Sources */ = {isa = PBXBuildFile; fileRef = B6B9976A28BA0A2A007C3D1D /* NotchView.swift */; };
		B6C7D5B2255992E0005D2AA0 /* LoadingCell.swift in Sources */ = {isa = PBXBuildFile; fileRef = B6C7D5B1255992E0005D2AA0 /* LoadingCell.swift */; };
		B6C7D5B4255BA967005D2AA0 /* DetailHeaderPresenter.swift in Sources */ = {isa = PBXBuildFile; fileRef = B6C7D5B3255BA967005D2AA0 /* DetailHeaderPresenter.swift */; };
		B6C7D5B62563F3E0005D2AA0 /* Business.swift in Sources */ = {isa = PBXBuildFile; fileRef = B6C7D5B52563F3E0005D2AA0 /* Business.swift */; };
		B6C7D5B82563F4F3005D2AA0 /* AnnotationItem.swift in Sources */ = {isa = PBXBuildFile; fileRef = B6C7D5B72563F4F3005D2AA0 /* AnnotationItem.swift */; };
		B6C9752128D370D500287369 /* TwoHorizontalButton.swift in Sources */ = {isa = PBXBuildFile; fileRef = B6C9752028D370D500287369 /* TwoHorizontalButton.swift */; };
		B6CA847628D7513C00B85453 /* RestaurantViewModel.swift in Sources */ = {isa = PBXBuildFile; fileRef = B6CA847528D7513C00B85453 /* RestaurantViewModel.swift */; };
		B6CB5FE428B0A2220042C34C /* FourthRowPresenter.swift in Sources */ = {isa = PBXBuildFile; fileRef = B6CB5FE328B0A2220042C34C /* FourthRowPresenter.swift */; };
		B6CBE88E28D37DD9005BCA7D /* HeightPreferenceKey.swift in Sources */ = {isa = PBXBuildFile; fileRef = B6CBE88D28D37DD9005BCA7D /* HeightPreferenceKey.swift */; };
		B6CBE89528D5EE5E005BCA7D /* KeyboardHelper.swift in Sources */ = {isa = PBXBuildFile; fileRef = B6CBE89428D5EE5E005BCA7D /* KeyboardHelper.swift */; };
		B6D1306A24C4183300040F85 /* DetailController.swift in Sources */ = {isa = PBXBuildFile; fileRef = B6D1306924C4183300040F85 /* DetailController.swift */; };
		B6D1307024CBC16200040F85 /* DetailCell.swift in Sources */ = {isa = PBXBuildFile; fileRef = B6D1306F24CBC16200040F85 /* DetailCell.swift */; };
		B6D407C228AD3DF500E59CE3 /* SafeAreaUtils.swift in Sources */ = {isa = PBXBuildFile; fileRef = B6D407C128AD3DF500E59CE3 /* SafeAreaUtils.swift */; };
		B6EF139F28B0AEC0009345D6 /* PresentHelper.swift in Sources */ = {isa = PBXBuildFile; fileRef = B6EF139E28B0AEC0009345D6 /* PresentHelper.swift */; };
		B6EF13A228B0B8F6009345D6 /* DetailAddButton.swift in Sources */ = {isa = PBXBuildFile; fileRef = B6EF13A128B0B8F6009345D6 /* DetailAddButton.swift */; };
		B6EF13A628B0CA0B009345D6 /* ShimmerView.swift in Sources */ = {isa = PBXBuildFile; fileRef = B6EF13A528B0CA0B009345D6 /* ShimmerView.swift */; };
		B6EF13AF28B229E1009345D6 /* TextField+Extensions.swift in Sources */ = {isa = PBXBuildFile; fileRef = B6EF13AE28B229E1009345D6 /* TextField+Extensions.swift */; };
		B6F7618C24D3EE2300318AB1 /* DetailHeader.swift in Sources */ = {isa = PBXBuildFile; fileRef = B6F7618B24D3EE2300318AB1 /* DetailHeader.swift */; };
		B6F7898A2899883800829ED4 /* ViewModelType.swift in Sources */ = {isa = PBXBuildFile; fileRef = B6F789892899883800829ED4 /* ViewModelType.swift */; };
		B6F789A5267351230003ED5C /* MBProgressHUDProtocol.swift in Sources */ = {isa = PBXBuildFile; fileRef = B6F789A4267351230003ED5C /* MBProgressHUDProtocol.swift */; };
		B6F789A92675DC440003ED5C /* Validators.swift in Sources */ = {isa = PBXBuildFile; fileRef = B6F789A82675DC440003ED5C /* Validators.swift */; };
		B6F789AE267610950003ED5C /* NetworkMonitor.swift in Sources */ = {isa = PBXBuildFile; fileRef = B6F789AD267610950003ED5C /* NetworkMonitor.swift */; };
		B6F789B826774D9B0003ED5C /* String+Extensions.swift in Sources */ = {isa = PBXBuildFile; fileRef = B6F789B726774D9A0003ED5C /* String+Extensions.swift */; };
		B6FD55AC2896CB0100B659F4 /* Resolver.swift in Sources */ = {isa = PBXBuildFile; fileRef = B6FD55AA2896CB0100B659F4 /* Resolver.swift */; };
		B6FD55AD2896CB0100B659F4 /* Inject.swift in Sources */ = {isa = PBXBuildFile; fileRef = B6FD55AB2896CB0100B659F4 /* Inject.swift */; };
		B6FE66F128E4B01300F44543 /* SlideShowViewController.swift in Sources */ = {isa = PBXBuildFile; fileRef = B6FE66F028E4B01300F44543 /* SlideShowViewController.swift */; };
		CB55746F7A456CF24EAA883C /* Pods_FoodPicker.framework in Frameworks */ = {isa = PBXBuildFile; fileRef = E100F4CF94676583B4975A33 /* Pods_FoodPicker.framework */; };
		EFF24B0EBFDA411A408A3810 /* Pods_FoodPicker.framework in Frameworks */ = {isa = PBXBuildFile; fileRef = E100F4CF94676583B4975A33 /* Pods_FoodPicker.framework */; };
/* End PBXBuildFile section */

/* Begin PBXContainerItemProxy section */
		B636BBA228BB394900BC8996 /* PBXContainerItemProxy */ = {
			isa = PBXContainerItemProxy;
			containerPortal = B647A4C124B1F7BA0098B7A2 /* Project object */;
			proxyType = 1;
			remoteGlobalIDString = B647A4C824B1F7BA0098B7A2;
			remoteInfo = FoodPicker;
		};
		B6A0F9A629F3C6E4003470EE /* PBXContainerItemProxy */ = {
			isa = PBXContainerItemProxy;
			containerPortal = B6A0F9A129F3C6E3003470EE /* WheelUI.xcodeproj */;
			proxyType = 2;
			remoteGlobalIDString = B6A0F98729F3C6E3003470EE;
			remoteInfo = WheelUI;
		};
		B6A0F9A829F3C6E4003470EE /* PBXContainerItemProxy */ = {
			isa = PBXContainerItemProxy;
			containerPortal = B6A0F9A129F3C6E3003470EE /* WheelUI.xcodeproj */;
			proxyType = 2;
			remoteGlobalIDString = B6A0F99129F3C6E3003470EE;
			remoteInfo = WheelUITests;
		};
/* End PBXContainerItemProxy section */

/* Begin PBXCopyFilesBuildPhase section */
		B6A0F9C829F3C86A003470EE /* Embed Frameworks */ = {
			isa = PBXCopyFilesBuildPhase;
			buildActionMask = 2147483647;
			dstPath = "";
			dstSubfolderSpec = 10;
			files = (
				B6A0F9C729F3C869003470EE /* WheelUI.framework in Embed Frameworks */,
			);
			name = "Embed Frameworks";
			runOnlyForDeploymentPostprocessing = 0;
		};
/* End PBXCopyFilesBuildPhase section */

/* Begin PBXFileReference section */
		0803B08100096B593870B215 /* Pods-FoodPickerTests.debug.xcconfig */ = {isa = PBXFileReference; includeInIndex = 1; lastKnownFileType = text.xcconfig; name = "Pods-FoodPickerTests.debug.xcconfig"; path = "Target Support Files/Pods-FoodPickerTests/Pods-FoodPickerTests.debug.xcconfig"; sourceTree = "<group>"; };
		3DFF59AD745DA0BFE39E8409 /* Pods-FoodPickerTests.release.xcconfig */ = {isa = PBXFileReference; includeInIndex = 1; lastKnownFileType = text.xcconfig; name = "Pods-FoodPickerTests.release.xcconfig"; path = "Target Support Files/Pods-FoodPickerTests/Pods-FoodPickerTests.release.xcconfig"; sourceTree = "<group>"; };
		4E4685F40435174A5EA43F4B /* Pods_FoodPickerTests.framework */ = {isa = PBXFileReference; explicitFileType = wrapper.framework; includeInIndex = 0; path = Pods_FoodPickerTests.framework; sourceTree = BUILT_PRODUCTS_DIR; };
		7D85F0931D26B7086A0B001A /* Pods-FoodPicker.test.xcconfig */ = {isa = PBXFileReference; includeInIndex = 1; lastKnownFileType = text.xcconfig; name = "Pods-FoodPicker.test.xcconfig"; path = "Target Support Files/Pods-FoodPicker/Pods-FoodPicker.test.xcconfig"; sourceTree = "<group>"; };
		82BE6C24A2D73B898301F556 /* Pods-FoodPicker.debug.xcconfig */ = {isa = PBXFileReference; includeInIndex = 1; lastKnownFileType = text.xcconfig; name = "Pods-FoodPicker.debug.xcconfig"; path = "Target Support Files/Pods-FoodPicker/Pods-FoodPicker.debug.xcconfig"; sourceTree = "<group>"; };
		AEC916B8058ACB981C566D94 /* Pods-FoodPicker.release.xcconfig */ = {isa = PBXFileReference; includeInIndex = 1; lastKnownFileType = text.xcconfig; name = "Pods-FoodPicker.release.xcconfig"; path = "Target Support Files/Pods-FoodPicker/Pods-FoodPicker.release.xcconfig"; sourceTree = "<group>"; };
		B606C07E2894E69000139907 /* SpinTabItemView.swift */ = {isa = PBXFileReference; lastKnownFileType = sourcecode.swift; path = SpinTabItemView.swift; sourceTree = "<group>"; };
		B60CC1B028C3313800AF2B53 /* ZoomAndSnapFlowLayout.swift */ = {isa = PBXFileReference; lastKnownFileType = sourcecode.swift; path = ZoomAndSnapFlowLayout.swift; sourceTree = "<group>"; };
		B60CC1B528C63E4400AF2B53 /* RestaurantPresenter.swift */ = {isa = PBXFileReference; fileEncoding = 4; lastKnownFileType = sourcecode.swift; path = RestaurantPresenter.swift; sourceTree = "<group>"; };
		B60CC1B928C641EE00AF2B53 /* ExploreCoordinator.swift */ = {isa = PBXFileReference; lastKnownFileType = sourcecode.swift; path = ExploreCoordinator.swift; sourceTree = "<group>"; };
		B60CC1BC28C6426200AF2B53 /* Coordinator.swift */ = {isa = PBXFileReference; lastKnownFileType = sourcecode.swift; path = Coordinator.swift; sourceTree = "<group>"; };
		B612E3FA28DCC99F005721E3 /* TextFieldClearButton.swift */ = {isa = PBXFileReference; lastKnownFileType = sourcecode.swift; path = TextFieldClearButton.swift; sourceTree = "<group>"; };
		B612E3FC28DE03D6005721E3 /* TypeAlias.swift */ = {isa = PBXFileReference; lastKnownFileType = sourcecode.swift; path = TypeAlias.swift; sourceTree = "<group>"; };
		B612E40028DEFE05005721E3 /* AppSettingHelper.swift */ = {isa = PBXFileReference; lastKnownFileType = sourcecode.swift; path = AppSettingHelper.swift; sourceTree = "<group>"; };
		B615FF9D28CADCAD000BD3A0 /* ToastStyleTheme.swift */ = {isa = PBXFileReference; lastKnownFileType = sourcecode.swift; path = ToastStyleTheme.swift; sourceTree = "<group>"; };
		B620483229F9026C00732275 /* FeedViewController+FeedViewLayout.swift */ = {isa = PBXFileReference; lastKnownFileType = sourcecode.swift; path = "FeedViewController+FeedViewLayout.swift"; sourceTree = "<group>"; };
		B620483E29FA1D7F00732275 /* FeedViewController+DataSource.swift */ = {isa = PBXFileReference; lastKnownFileType = sourcecode.swift; path = "FeedViewController+DataSource.swift"; sourceTree = "<group>"; };
		B634A70A28A6AF6100796D63 /* View+Extensions.swift */ = {isa = PBXFileReference; lastKnownFileType = sourcecode.swift; path = "View+Extensions.swift"; sourceTree = "<group>"; };
		B634A70C28A6C0CA00796D63 /* RoundedCorner.swift */ = {isa = PBXFileReference; lastKnownFileType = sourcecode.swift; path = RoundedCorner.swift; sourceTree = "<group>"; };
		B634A71028A74DEB00796D63 /* Text+Extensions.swift */ = {isa = PBXFileReference; lastKnownFileType = sourcecode.swift; path = "Text+Extensions.swift"; sourceTree = "<group>"; };
		B634A71228A74E1500796D63 /* Color+Extensions.swift */ = {isa = PBXFileReference; lastKnownFileType = sourcecode.swift; path = "Color+Extensions.swift"; sourceTree = "<group>"; };
		B634A71428A74E8600796D63 /* Int+Extensions.swift */ = {isa = PBXFileReference; lastKnownFileType = sourcecode.swift; path = "Int+Extensions.swift"; sourceTree = "<group>"; };
		B63548F528B51EB500136A15 /* URLCache+Extensions.swift */ = {isa = PBXFileReference; lastKnownFileType = sourcecode.swift; path = "URLCache+Extensions.swift"; sourceTree = "<group>"; };
		B636BB9E28BB394900BC8996 /* FoodPickerTests.xctest */ = {isa = PBXFileReference; explicitFileType = wrapper.cfbundle; includeInIndex = 0; path = FoodPickerTests.xctest; sourceTree = BUILT_PRODUCTS_DIR; };
		B63E497828BA20FB00714F94 /* UITableView+Extensions.swift */ = {isa = PBXFileReference; lastKnownFileType = sourcecode.swift; path = "UITableView+Extensions.swift"; sourceTree = "<group>"; };
		B6413B3228BB2C7A0071F5B3 /* DateUtils.swift */ = {isa = PBXFileReference; lastKnownFileType = sourcecode.swift; path = DateUtils.swift; sourceTree = "<group>"; };
		B6413B4828BB32080071F5B3 /* Alamofire.framework */ = {isa = PBXFileReference; explicitFileType = wrapper.framework; path = Alamofire.framework; sourceTree = BUILT_PRODUCTS_DIR; };
		B6413B4A28BB32080071F5B3 /* AlamofireImage.framework */ = {isa = PBXFileReference; explicitFileType = wrapper.framework; path = AlamofireImage.framework; sourceTree = BUILT_PRODUCTS_DIR; };
		B6413B4C28BB32080071F5B3 /* ImageSlideshow.framework */ = {isa = PBXFileReference; explicitFileType = wrapper.framework; path = ImageSlideshow.framework; sourceTree = BUILT_PRODUCTS_DIR; };
		B6413B4E28BB32080071F5B3 /* MBProgressHUD.framework */ = {isa = PBXFileReference; explicitFileType = wrapper.framework; path = MBProgressHUD.framework; sourceTree = BUILT_PRODUCTS_DIR; };
		B6413B5128BB322E0071F5B3 /* Alamofire.framework */ = {isa = PBXFileReference; explicitFileType = wrapper.framework; path = Alamofire.framework; sourceTree = BUILT_PRODUCTS_DIR; };
		B6413B5328BB322E0071F5B3 /* AlamofireImage.framework */ = {isa = PBXFileReference; explicitFileType = wrapper.framework; path = AlamofireImage.framework; sourceTree = BUILT_PRODUCTS_DIR; };
		B6413B5528BB322E0071F5B3 /* ImageSlideshow.framework */ = {isa = PBXFileReference; explicitFileType = wrapper.framework; path = ImageSlideshow.framework; sourceTree = BUILT_PRODUCTS_DIR; };
		B6413B5728BB322E0071F5B3 /* MBProgressHUD.framework */ = {isa = PBXFileReference; explicitFileType = wrapper.framework; path = MBProgressHUD.framework; sourceTree = BUILT_PRODUCTS_DIR; };
		B647A4C924B1F7BA0098B7A2 /* FoodPicker.app */ = {isa = PBXFileReference; explicitFileType = wrapper.application; includeInIndex = 0; path = FoodPicker.app; sourceTree = BUILT_PRODUCTS_DIR; };
		B647A4CC24B1F7BA0098B7A2 /* AppDelegate.swift */ = {isa = PBXFileReference; lastKnownFileType = sourcecode.swift; path = AppDelegate.swift; sourceTree = "<group>"; };
		B647A4CE24B1F7BA0098B7A2 /* SceneDelegate.swift */ = {isa = PBXFileReference; lastKnownFileType = sourcecode.swift; path = SceneDelegate.swift; sourceTree = "<group>"; };
		B647A4D524B1F7BE0098B7A2 /* Assets.xcassets */ = {isa = PBXFileReference; lastKnownFileType = folder.assetcatalog; path = Assets.xcassets; sourceTree = "<group>"; };
		B647A4D824B1F7BE0098B7A2 /* Base */ = {isa = PBXFileReference; lastKnownFileType = file.storyboard; name = Base; path = Base.lproj/LaunchScreen.storyboard; sourceTree = "<group>"; };
		B647A4DA24B1F7BE0098B7A2 /* Info.plist */ = {isa = PBXFileReference; lastKnownFileType = text.plist.xml; path = Info.plist; sourceTree = "<group>"; };
		B647A4E024B1FA640098B7A2 /* MainTabBarController.swift */ = {isa = PBXFileReference; lastKnownFileType = sourcecode.swift; path = MainTabBarController.swift; sourceTree = "<group>"; };
		B647A4E624B2039D0098B7A2 /* Extension.swift */ = {isa = PBXFileReference; lastKnownFileType = sourcecode.swift; path = Extension.swift; sourceTree = "<group>"; };
		B64BE92328B28D3F0072F6A0 /* Alert.swift */ = {isa = PBXFileReference; lastKnownFileType = sourcecode.swift; path = Alert.swift; sourceTree = "<group>"; };
		B683140829D596CB00340782 /* DEBUG.xcconfig */ = {isa = PBXFileReference; lastKnownFileType = text.xcconfig; path = DEBUG.xcconfig; sourceTree = "<group>"; };
		B683140929D596F600340782 /* Config.swift */ = {isa = PBXFileReference; lastKnownFileType = sourcecode.swift; path = Config.swift; sourceTree = "<group>"; };
		B683140C29D6B8C900340782 /* AppCoordinator.swift */ = {isa = PBXFileReference; lastKnownFileType = sourcecode.swift; path = AppCoordinator.swift; sourceTree = "<group>"; };
		B683140F29D6BC8B00340782 /* R.generated.swift */ = {isa = PBXFileReference; fileEncoding = 4; lastKnownFileType = sourcecode.swift; path = R.generated.swift; sourceTree = SOURCE_ROOT; };
		B683142129D80D8700340782 /* AFNetworkingManager.swift */ = {isa = PBXFileReference; lastKnownFileType = sourcecode.swift; path = AFNetworkingManager.swift; sourceTree = "<group>"; };
		B683142429D8124E00340782 /* AFNetworkingManagerTests.swift */ = {isa = PBXFileReference; lastKnownFileType = sourcecode.swift; path = AFNetworkingManagerTests.swift; sourceTree = "<group>"; };
		B683142629D8126B00340782 /* MockURLProtocol.swift */ = {isa = PBXFileReference; lastKnownFileType = sourcecode.swift; path = MockURLProtocol.swift; sourceTree = "<group>"; };
		B683142B29D81FEB00340782 /* StaticBusinesses.json */ = {isa = PBXFileReference; fileEncoding = 4; lastKnownFileType = text.json; path = StaticBusinesses.json; sourceTree = "<group>"; };
		B683142D29D82AC400340782 /* NetworkingError.swift */ = {isa = PBXFileReference; lastKnownFileType = sourcecode.swift; path = NetworkingError.swift; sourceTree = "<group>"; };
		B683143029E2AF5500340782 /* LocationManager.swift */ = {isa = PBXFileReference; lastKnownFileType = sourcecode.swift; path = LocationManager.swift; sourceTree = "<group>"; };
		B683143229E412DD00340782 /* LocationManager+Status.swift */ = {isa = PBXFileReference; lastKnownFileType = sourcecode.swift; path = "LocationManager+Status.swift"; sourceTree = "<group>"; };
		B683143429E4130400340782 /* LocationManager+CLLocationManagerDelegate.swift */ = {isa = PBXFileReference; lastKnownFileType = sourcecode.swift; path = "LocationManager+CLLocationManagerDelegate.swift"; sourceTree = "<group>"; };
		B685484B24B6D390009BC800 /* Constants.swift */ = {isa = PBXFileReference; lastKnownFileType = sourcecode.swift; path = Constants.swift; sourceTree = "<group>"; };
		B68551B028C30EEF0077C47E /* RestaurantViewObject.swift */ = {isa = PBXFileReference; lastKnownFileType = sourcecode.swift; path = RestaurantViewObject.swift; sourceTree = "<group>"; };
		B68DD02B26803935008E1FDE /* UILabel+Extensions.swift */ = {isa = PBXFileReference; lastKnownFileType = sourcecode.swift; path = "UILabel+Extensions.swift"; sourceTree = "<group>"; };
		B690436628A1633F00278964 /* Detail.swift */ = {isa = PBXFileReference; lastKnownFileType = sourcecode.swift; path = Detail.swift; sourceTree = "<group>"; };
		B692F1A628E7FCE200DA90E9 /* StrechyHeaderLayout.swift */ = {isa = PBXFileReference; lastKnownFileType = sourcecode.swift; path = StrechyHeaderLayout.swift; sourceTree = "<group>"; };
		B692F1AC28E82C7400DA90E9 /* RestaurantPresenterTests.swift */ = {isa = PBXFileReference; lastKnownFileType = sourcecode.swift; path = RestaurantPresenterTests.swift; sourceTree = "<group>"; };
		B6A0F94729EFB684003470EE /* TabCoordinator.swift */ = {isa = PBXFileReference; lastKnownFileType = sourcecode.swift; path = TabCoordinator.swift; sourceTree = "<group>"; };
		B6A0F94929EFB6B0003470EE /* TabBarController.swift */ = {isa = PBXFileReference; lastKnownFileType = sourcecode.swift; path = TabBarController.swift; sourceTree = "<group>"; };
		B6A0F94B29EFB6DB003470EE /* Scrollable.swift */ = {isa = PBXFileReference; lastKnownFileType = sourcecode.swift; path = Scrollable.swift; sourceTree = "<group>"; };
		B6A0F95029EFBA10003470EE /* PocketCoordinator.swift */ = {isa = PBXFileReference; lastKnownFileType = sourcecode.swift; path = PocketCoordinator.swift; sourceTree = "<group>"; };
		B6A0F95229EFBA1A003470EE /* PocketViewController.swift */ = {isa = PBXFileReference; lastKnownFileType = sourcecode.swift; path = PocketViewController.swift; sourceTree = "<group>"; };
		B6A0F95429EFC3BB003470EE /* TabCoordinatorViewModel.swift */ = {isa = PBXFileReference; lastKnownFileType = sourcecode.swift; path = TabCoordinatorViewModel.swift; sourceTree = "<group>"; };
		B6A0F95729F00A98003470EE /* LocationManagerProtocol.swift */ = {isa = PBXFileReference; lastKnownFileType = sourcecode.swift; path = LocationManagerProtocol.swift; sourceTree = "<group>"; };
		B6A0F95C29F26FC9003470EE /* ExploreMainViewController.swift */ = {isa = PBXFileReference; lastKnownFileType = sourcecode.swift; path = ExploreMainViewController.swift; sourceTree = "<group>"; };
		B6A0F95E29F2703F003470EE /* FeedViewController.swift */ = {isa = PBXFileReference; lastKnownFileType = sourcecode.swift; path = FeedViewController.swift; sourceTree = "<group>"; };
		B6A0F96029F271E1003470EE /* MapViewController.swift */ = {isa = PBXFileReference; lastKnownFileType = sourcecode.swift; path = MapViewController.swift; sourceTree = "<group>"; };
		B6A0F96429F27BC5003470EE /* NearbySearchRequest.swift */ = {isa = PBXFileReference; lastKnownFileType = sourcecode.swift; path = NearbySearchRequest.swift; sourceTree = "<group>"; };
		B6A0F96729F27DD1003470EE /* CastError.swift */ = {isa = PBXFileReference; lastKnownFileType = sourcecode.swift; path = CastError.swift; sourceTree = "<group>"; };
		B6A0F96929F27E36003470EE /* PlaceApiResponse.swift */ = {isa = PBXFileReference; lastKnownFileType = sourcecode.swift; path = PlaceApiResponse.swift; sourceTree = "<group>"; };
		B6A0F96B29F280E9003470EE /* Place.json */ = {isa = PBXFileReference; fileEncoding = 4; lastKnownFileType = text.json; path = Place.json; sourceTree = "<group>"; };
		B6A0F96F29F3A105003470EE /* NearbySearchRequestTests.swift */ = {isa = PBXFileReference; lastKnownFileType = sourcecode.swift; path = NearbySearchRequestTests.swift; sourceTree = "<group>"; };
		B6A0F97229F3A230003470EE /* TestSessionAdapter.swift */ = {isa = PBXFileReference; lastKnownFileType = sourcecode.swift; path = TestSessionAdapter.swift; sourceTree = "<group>"; };
		B6A0F97429F3A252003470EE /* TestSessionTask.swift */ = {isa = PBXFileReference; lastKnownFileType = sourcecode.swift; path = TestSessionTask.swift; sourceTree = "<group>"; };
		B6A0F97629F3A302003470EE /* StaticJsonFileReader.swift */ = {isa = PBXFileReference; lastKnownFileType = sourcecode.swift; path = StaticJsonFileReader.swift; sourceTree = "<group>"; };
		B6A0F97829F3A6D2003470EE /* NearbySearchProvider.swift */ = {isa = PBXFileReference; lastKnownFileType = sourcecode.swift; path = NearbySearchProvider.swift; sourceTree = "<group>"; };
		B6A0F97B29F3C4A8003470EE /* WheelViewController.swift */ = {isa = PBXFileReference; lastKnownFileType = sourcecode.swift; path = WheelViewController.swift; sourceTree = "<group>"; };
		B6A0F9A129F3C6E3003470EE /* WheelUI.xcodeproj */ = {isa = PBXFileReference; lastKnownFileType = "wrapper.pb-project"; name = WheelUI.xcodeproj; path = WheelUI/WheelUI.xcodeproj; sourceTree = "<group>"; };
		B6A0F9BC29F3C795003470EE /* WheelCoordinator.swift */ = {isa = PBXFileReference; fileEncoding = 4; lastKnownFileType = sourcecode.swift; path = WheelCoordinator.swift; sourceTree = "<group>"; };
		B6ABC1E228B087FC007398F4 /* Map+Extensions.swift */ = {isa = PBXFileReference; lastKnownFileType = sourcecode.swift; path = "Map+Extensions.swift"; sourceTree = "<group>"; };
		B6ABC1E528B08982007398F4 /* DetailViewModel.swift */ = {isa = PBXFileReference; lastKnownFileType = sourcecode.swift; path = DetailViewModel.swift; sourceTree = "<group>"; };
		B6ABC1E828B0953A007398F4 /* FirstRowPressenter.swift */ = {isa = PBXFileReference; lastKnownFileType = sourcecode.swift; path = FirstRowPressenter.swift; sourceTree = "<group>"; };
		B6ABC1EA28B09543007398F4 /* SecondRowPresenter.swift */ = {isa = PBXFileReference; lastKnownFileType = sourcecode.swift; path = SecondRowPresenter.swift; sourceTree = "<group>"; };
		B6ABC1EC28B09550007398F4 /* ThirdRowPresenter.swift */ = {isa = PBXFileReference; lastKnownFileType = sourcecode.swift; path = ThirdRowPresenter.swift; sourceTree = "<group>"; };
		B6ABC1EE28B095B8007398F4 /* DetailRowPresenter.swift */ = {isa = PBXFileReference; lastKnownFileType = sourcecode.swift; path = DetailRowPresenter.swift; sourceTree = "<group>"; };
		B6B84D4A2665D4BD002E418D /* UIView+Extension.swift */ = {isa = PBXFileReference; lastKnownFileType = sourcecode.swift; path = "UIView+Extension.swift"; sourceTree = "<group>"; };
		B6B84D4C2665D4DE002E418D /* UIButton+ Extension.swift */ = {isa = PBXFileReference; lastKnownFileType = sourcecode.swift; path = "UIButton+ Extension.swift"; sourceTree = "<group>"; };
		B6B84D4E2665D50D002E418D /* UITextField +Extension.swift */ = {isa = PBXFileReference; lastKnownFileType = sourcecode.swift; path = "UITextField +Extension.swift"; sourceTree = "<group>"; };
		B6B84D502665D52F002E418D /* UIFont+UIColor+Extension.swift */ = {isa = PBXFileReference; lastKnownFileType = sourcecode.swift; path = "UIFont+UIColor+Extension.swift"; sourceTree = "<group>"; };
		B6B84D522665D579002E418D /* UIViewController+Extension.swift */ = {isa = PBXFileReference; lastKnownFileType = sourcecode.swift; path = "UIViewController+Extension.swift"; sourceTree = "<group>"; };
		B6B84D57266633C4002E418D /* ErrorView.swift */ = {isa = PBXFileReference; lastKnownFileType = sourcecode.swift; path = ErrorView.swift; sourceTree = "<group>"; };
		B6B9976728B9F1A1007C3D1D /* NSAttributedString+Extensions.swift */ = {isa = PBXFileReference; lastKnownFileType = sourcecode.swift; path = "NSAttributedString+Extensions.swift"; sourceTree = "<group>"; };
		B6B9976A28BA0A2A007C3D1D /* NotchView.swift */ = {isa = PBXFileReference; lastKnownFileType = sourcecode.swift; path = NotchView.swift; sourceTree = "<group>"; };
		B6C7D5B1255992E0005D2AA0 /* LoadingCell.swift */ = {isa = PBXFileReference; lastKnownFileType = sourcecode.swift; path = LoadingCell.swift; sourceTree = "<group>"; };
		B6C7D5B3255BA967005D2AA0 /* DetailHeaderPresenter.swift */ = {isa = PBXFileReference; lastKnownFileType = sourcecode.swift; path = DetailHeaderPresenter.swift; sourceTree = "<group>"; };
		B6C7D5B52563F3E0005D2AA0 /* Business.swift */ = {isa = PBXFileReference; lastKnownFileType = sourcecode.swift; path = Business.swift; sourceTree = "<group>"; };
		B6C7D5B72563F4F3005D2AA0 /* AnnotationItem.swift */ = {isa = PBXFileReference; lastKnownFileType = sourcecode.swift; path = AnnotationItem.swift; sourceTree = "<group>"; };
		B6C9752028D370D500287369 /* TwoHorizontalButton.swift */ = {isa = PBXFileReference; lastKnownFileType = sourcecode.swift; path = TwoHorizontalButton.swift; sourceTree = "<group>"; };
		B6CA847528D7513C00B85453 /* RestaurantViewModel.swift */ = {isa = PBXFileReference; lastKnownFileType = sourcecode.swift; path = RestaurantViewModel.swift; sourceTree = "<group>"; };
		B6CB5FE328B0A2220042C34C /* FourthRowPresenter.swift */ = {isa = PBXFileReference; lastKnownFileType = sourcecode.swift; path = FourthRowPresenter.swift; sourceTree = "<group>"; };
		B6CBE88D28D37DD9005BCA7D /* HeightPreferenceKey.swift */ = {isa = PBXFileReference; lastKnownFileType = sourcecode.swift; path = HeightPreferenceKey.swift; sourceTree = "<group>"; };
		B6CBE89428D5EE5E005BCA7D /* KeyboardHelper.swift */ = {isa = PBXFileReference; lastKnownFileType = sourcecode.swift; path = KeyboardHelper.swift; sourceTree = "<group>"; };
		B6D1306924C4183300040F85 /* DetailController.swift */ = {isa = PBXFileReference; lastKnownFileType = sourcecode.swift; path = DetailController.swift; sourceTree = "<group>"; };
		B6D1306F24CBC16200040F85 /* DetailCell.swift */ = {isa = PBXFileReference; lastKnownFileType = sourcecode.swift; path = DetailCell.swift; sourceTree = "<group>"; };
		B6D407C128AD3DF500E59CE3 /* SafeAreaUtils.swift */ = {isa = PBXFileReference; lastKnownFileType = sourcecode.swift; path = SafeAreaUtils.swift; sourceTree = "<group>"; };
		B6EF139E28B0AEC0009345D6 /* PresentHelper.swift */ = {isa = PBXFileReference; lastKnownFileType = sourcecode.swift; path = PresentHelper.swift; sourceTree = "<group>"; };
		B6EF13A128B0B8F6009345D6 /* DetailAddButton.swift */ = {isa = PBXFileReference; lastKnownFileType = sourcecode.swift; path = DetailAddButton.swift; sourceTree = "<group>"; };
		B6EF13A528B0CA0B009345D6 /* ShimmerView.swift */ = {isa = PBXFileReference; lastKnownFileType = sourcecode.swift; path = ShimmerView.swift; sourceTree = "<group>"; };
		B6EF13AE28B229E1009345D6 /* TextField+Extensions.swift */ = {isa = PBXFileReference; lastKnownFileType = sourcecode.swift; path = "TextField+Extensions.swift"; sourceTree = "<group>"; };
		B6F7618B24D3EE2300318AB1 /* DetailHeader.swift */ = {isa = PBXFileReference; lastKnownFileType = sourcecode.swift; path = DetailHeader.swift; sourceTree = "<group>"; };
		B6F789892899883800829ED4 /* ViewModelType.swift */ = {isa = PBXFileReference; lastKnownFileType = sourcecode.swift; path = ViewModelType.swift; sourceTree = "<group>"; };
		B6F789A4267351230003ED5C /* MBProgressHUDProtocol.swift */ = {isa = PBXFileReference; lastKnownFileType = sourcecode.swift; path = MBProgressHUDProtocol.swift; sourceTree = "<group>"; };
		B6F789A82675DC440003ED5C /* Validators.swift */ = {isa = PBXFileReference; lastKnownFileType = sourcecode.swift; path = Validators.swift; sourceTree = "<group>"; };
		B6F789AD267610950003ED5C /* NetworkMonitor.swift */ = {isa = PBXFileReference; lastKnownFileType = sourcecode.swift; path = NetworkMonitor.swift; sourceTree = "<group>"; };
		B6F789B726774D9A0003ED5C /* String+Extensions.swift */ = {isa = PBXFileReference; lastKnownFileType = sourcecode.swift; path = "String+Extensions.swift"; sourceTree = "<group>"; };
		B6FD55AA2896CB0100B659F4 /* Resolver.swift */ = {isa = PBXFileReference; fileEncoding = 4; lastKnownFileType = sourcecode.swift; path = Resolver.swift; sourceTree = "<group>"; };
		B6FD55AB2896CB0100B659F4 /* Inject.swift */ = {isa = PBXFileReference; fileEncoding = 4; lastKnownFileType = sourcecode.swift; path = Inject.swift; sourceTree = "<group>"; };
		B6FE66F028E4B01300F44543 /* SlideShowViewController.swift */ = {isa = PBXFileReference; lastKnownFileType = sourcecode.swift; path = SlideShowViewController.swift; sourceTree = "<group>"; };
		E100F4CF94676583B4975A33 /* Pods_FoodPicker.framework */ = {isa = PBXFileReference; explicitFileType = wrapper.framework; includeInIndex = 0; path = Pods_FoodPicker.framework; sourceTree = BUILT_PRODUCTS_DIR; };
		EA3AB19AEC26C89AA5AF0EA9 /* Pods-FoodPickerTests.test.xcconfig */ = {isa = PBXFileReference; includeInIndex = 1; lastKnownFileType = text.xcconfig; name = "Pods-FoodPickerTests.test.xcconfig"; path = "Target Support Files/Pods-FoodPickerTests/Pods-FoodPickerTests.test.xcconfig"; sourceTree = "<group>"; };
/* End PBXFileReference section */

/* Begin PBXFrameworksBuildPhase section */
		B636BB9B28BB394900BC8996 /* Frameworks */ = {
			isa = PBXFrameworksBuildPhase;
			buildActionMask = 2147483647;
			files = (
				5C82D065E144F18602965903 /* Pods_FoodPickerTests.framework in Frameworks */,
			);
			runOnlyForDeploymentPostprocessing = 0;
		};
		B647A4C624B1F7BA0098B7A2 /* Frameworks */ = {
			isa = PBXFrameworksBuildPhase;
			buildActionMask = 2147483647;
			files = (
				B6A0F95B29F25F69003470EE /* Kingfisher in Frameworks */,
				34E70F312F31F8E2CB2A5415 /* Pods_FoodPicker.framework in Frameworks */,
				CB55746F7A456CF24EAA883C /* Pods_FoodPicker.framework in Frameworks */,
				B6A0F9C629F3C869003470EE /* WheelUI.framework in Frameworks */,
				EFF24B0EBFDA411A408A3810 /* Pods_FoodPicker.framework in Frameworks */,
			);
			runOnlyForDeploymentPostprocessing = 0;
		};
/* End PBXFrameworksBuildPhase section */

/* Begin PBXGroup section */
		5346D09DFB88AA8267728F02 /* Frameworks */ = {
			isa = PBXGroup;
			children = (
				B6413B5128BB322E0071F5B3 /* Alamofire.framework */,
				B6413B5328BB322E0071F5B3 /* AlamofireImage.framework */,
				B6413B5528BB322E0071F5B3 /* ImageSlideshow.framework */,
				B6413B5728BB322E0071F5B3 /* MBProgressHUD.framework */,
				B6413B4828BB32080071F5B3 /* Alamofire.framework */,
				B6413B4A28BB32080071F5B3 /* AlamofireImage.framework */,
				B6413B4C28BB32080071F5B3 /* ImageSlideshow.framework */,
				B6413B4E28BB32080071F5B3 /* MBProgressHUD.framework */,
				E100F4CF94676583B4975A33 /* Pods_FoodPicker.framework */,
				4E4685F40435174A5EA43F4B /* Pods_FoodPickerTests.framework */,
			);
			name = Frameworks;
			sourceTree = "<group>";
		};
		9219E683C3B75723B7371A89 /* Pods */ = {
			isa = PBXGroup;
			children = (
				82BE6C24A2D73B898301F556 /* Pods-FoodPicker.debug.xcconfig */,
				AEC916B8058ACB981C566D94 /* Pods-FoodPicker.release.xcconfig */,
				7D85F0931D26B7086A0B001A /* Pods-FoodPicker.test.xcconfig */,
				0803B08100096B593870B215 /* Pods-FoodPickerTests.debug.xcconfig */,
				EA3AB19AEC26C89AA5AF0EA9 /* Pods-FoodPickerTests.test.xcconfig */,
				3DFF59AD745DA0BFE39E8409 /* Pods-FoodPickerTests.release.xcconfig */,
			);
			path = Pods;
			sourceTree = "<group>";
		};
		B612E3F928DCC98F005721E3 /* ViewModifier */ = {
			isa = PBXGroup;
			children = (
				B612E3FA28DCC99F005721E3 /* TextFieldClearButton.swift */,
			);
			path = ViewModifier;
			sourceTree = "<group>";
		};
		B620483429F9070F00732275 /* ViewController */ = {
			isa = PBXGroup;
			children = (
				B6A0F95C29F26FC9003470EE /* ExploreMainViewController.swift */,
				B6A0F95E29F2703F003470EE /* FeedViewController.swift */,
				B620483E29FA1D7F00732275 /* FeedViewController+DataSource.swift */,
				B620483229F9026C00732275 /* FeedViewController+FeedViewLayout.swift */,
				B6A0F96029F271E1003470EE /* MapViewController.swift */,
			);
			path = ViewController;
			sourceTree = "<group>";
		};
		B636BB9F28BB394900BC8996 /* FoodPickerTests */ = {
			isa = PBXGroup;
			children = (
				B6A0F97129F3A222003470EE /* TestComponents */,
				B6A0F96E29F3A0F2003470EE /* GooglePlaceApi */,
				B683142329D8123100340782 /* Networking */,
				B692F1AC28E82C7400DA90E9 /* RestaurantPresenterTests.swift */,
			);
			path = FoodPickerTests;
			sourceTree = "<group>";
		};
		B647A4C024B1F7BA0098B7A2 = {
			isa = PBXGroup;
			children = (
				B647A4CB24B1F7BA0098B7A2 /* FoodPicker */,
				B636BB9F28BB394900BC8996 /* FoodPickerTests */,
				B647A4CA24B1F7BA0098B7A2 /* Products */,
				9219E683C3B75723B7371A89 /* Pods */,
				5346D09DFB88AA8267728F02 /* Frameworks */,
			);
			sourceTree = "<group>";
		};
		B647A4CA24B1F7BA0098B7A2 /* Products */ = {
			isa = PBXGroup;
			children = (
				B647A4C924B1F7BA0098B7A2 /* FoodPicker.app */,
				B636BB9E28BB394900BC8996 /* FoodPickerTests.xctest */,
			);
			name = Products;
			sourceTree = "<group>";
		};
		B647A4CB24B1F7BA0098B7A2 /* FoodPicker */ = {
			isa = PBXGroup;
			children = (
				B647A4DA24B1F7BE0098B7A2 /* Info.plist */,
				B683140C29D6B8C900340782 /* AppCoordinator.swift */,
				B647A4CC24B1F7BA0098B7A2 /* AppDelegate.swift */,
				B647A4E024B1FA640098B7A2 /* MainTabBarController.swift */,
				B683140F29D6BC8B00340782 /* R.generated.swift */,
				B647A4CE24B1F7BA0098B7A2 /* SceneDelegate.swift */,
				B6A0F94729EFB684003470EE /* TabCoordinator.swift */,
				B6A0F95429EFC3BB003470EE /* TabCoordinatorViewModel.swift */,
				B647A4D524B1F7BE0098B7A2 /* Assets.xcassets */,
				B647A4D724B1F7BE0098B7A2 /* LaunchScreen.storyboard */,
				B683140B29D6B61C00340782 /* Configuration */,
				B692F1A128E7EBA400DA90E9 /* Feature */,
				B683142A29D81FE400340782 /* JSON */,
				B647A4E224B203600098B7A2 /* Model */,
				B6CA847428D7513200B85453 /* Protocol */,
				B683143729E416BB00340782 /* UI */,
				B6A0F96629F27DB0003470EE /* Common */,
				B647A4E524B203650098B7A2 /* Utilis */,
			);
			path = FoodPicker;
			sourceTree = "<group>";
		};
		B647A4E224B203600098B7A2 /* Model */ = {
			isa = PBXGroup;
			children = (
				B60CC1B528C63E4400AF2B53 /* RestaurantPresenter.swift */,
				B6C7D5B72563F4F3005D2AA0 /* AnnotationItem.swift */,
				B68551B028C30EEF0077C47E /* RestaurantViewObject.swift */,
				B6C7D5B52563F3E0005D2AA0 /* Business.swift */,
				B690436628A1633F00278964 /* Detail.swift */,
			);
			path = Model;
			sourceTree = "<group>";
		};
		B647A4E424B203630098B7A2 /* Detail */ = {
			isa = PBXGroup;
			children = (
				B6EF13A028B0B8E4009345D6 /* View */,
				B6ABC1E728B0952C007398F4 /* Presenter */,
				B6ABC1E428B0896F007398F4 /* ViewModel */,
				B6D1306924C4183300040F85 /* DetailController.swift */,
				B6FE66F028E4B01300F44543 /* SlideShowViewController.swift */,
			);
			path = Detail;
			sourceTree = "<group>";
		};
		B647A4E524B203650098B7A2 /* Utilis */ = {
			isa = PBXGroup;
			children = (
				B612E3F928DCC98F005721E3 /* ViewModifier */,
				B6B84D492665D4A5002E418D /* Extension */,
				B685484B24B6D390009BC800 /* Constants.swift */,
				B6F789A4267351230003ED5C /* MBProgressHUDProtocol.swift */,
				B6F789892899883800829ED4 /* ViewModelType.swift */,
				B6F789A82675DC440003ED5C /* Validators.swift */,
				B6F789AD267610950003ED5C /* NetworkMonitor.swift */,
				B6EF139E28B0AEC0009345D6 /* PresentHelper.swift */,
				B6D407C128AD3DF500E59CE3 /* SafeAreaUtils.swift */,
				B6413B3228BB2C7A0071F5B3 /* DateUtils.swift */,
				B6CBE89428D5EE5E005BCA7D /* KeyboardHelper.swift */,
				B612E3FC28DE03D6005721E3 /* TypeAlias.swift */,
				B612E40028DEFE05005721E3 /* AppSettingHelper.swift */,
			);
			path = Utilis;
			sourceTree = "<group>";
		};
		B683140B29D6B61C00340782 /* Configuration */ = {
			isa = PBXGroup;
			children = (
				B683140929D596F600340782 /* Config.swift */,
				B683140829D596CB00340782 /* DEBUG.xcconfig */,
			);
			path = Configuration;
			sourceTree = "<group>";
		};
		B683142029D80D1E00340782 /* Network */ = {
			isa = PBXGroup;
			children = (
				B683142129D80D8700340782 /* AFNetworkingManager.swift */,
				B683142D29D82AC400340782 /* NetworkingError.swift */,
			);
			path = Network;
			sourceTree = "<group>";
		};
		B683142329D8123100340782 /* Networking */ = {
			isa = PBXGroup;
			children = (
				B683142429D8124E00340782 /* AFNetworkingManagerTests.swift */,
				B683142629D8126B00340782 /* MockURLProtocol.swift */,
			);
			path = Networking;
			sourceTree = "<group>";
		};
		B683142A29D81FE400340782 /* JSON */ = {
			isa = PBXGroup;
			children = (
				B6A0F96B29F280E9003470EE /* Place.json */,
				B683142B29D81FEB00340782 /* StaticBusinesses.json */,
				B6A0F97629F3A302003470EE /* StaticJsonFileReader.swift */,
			);
			path = JSON;
			sourceTree = "<group>";
		};
		B683142F29E2AF4800340782 /* GeoLocation */ = {
			isa = PBXGroup;
			children = (
				B683143029E2AF5500340782 /* LocationManager.swift */,
				B683143229E412DD00340782 /* LocationManager+Status.swift */,
				B683143429E4130400340782 /* LocationManager+CLLocationManagerDelegate.swift */,
				B6A0F95729F00A98003470EE /* LocationManagerProtocol.swift */,
			);
			path = GeoLocation;
			sourceTree = "<group>";
		};
		B683143729E416BB00340782 /* UI */ = {
			isa = PBXGroup;
			children = (
				B6CBE88C28D37DBE005BCA7D /* PreferenceKey */,
				B6C7D5B1255992E0005D2AA0 /* LoadingCell.swift */,
				B6B84D57266633C4002E418D /* ErrorView.swift */,
				B634A70C28A6C0CA00796D63 /* RoundedCorner.swift */,
				B6EF13A528B0CA0B009345D6 /* ShimmerView.swift */,
				B64BE92328B28D3F0072F6A0 /* Alert.swift */,
				B6B9976A28BA0A2A007C3D1D /* NotchView.swift */,
				B6C9752028D370D500287369 /* TwoHorizontalButton.swift */,
				B683143829E416C800340782 /* Layout */,
				B6A0F94929EFB6B0003470EE /* TabBarController.swift */,
				B6A0F94B29EFB6DB003470EE /* Scrollable.swift */,
				B606C07E2894E69000139907 /* SpinTabItemView.swift */,
			);
			path = UI;
			sourceTree = "<group>";
		};
		B683143829E416C800340782 /* Layout */ = {
			isa = PBXGroup;
			children = (
				B60CC1B028C3313800AF2B53 /* ZoomAndSnapFlowLayout.swift */,
				B692F1A628E7FCE200DA90E9 /* StrechyHeaderLayout.swift */,
			);
			path = Layout;
			sourceTree = "<group>";
		};
		B692F1A128E7EBA400DA90E9 /* Feature */ = {
			isa = PBXGroup;
			children = (
				B647A4E424B203630098B7A2 /* Detail */,
				B6A0F95629EFC8E7003470EE /* Explore */,
				B6C7D5A52550FB80005D2AA0 /* Favorite */,
				B683142F29E2AF4800340782 /* GeoLocation */,
				B6A0F96D29F28166003470EE /* GooglePlace */,
				B6FD55A92896CAEC00B659F4 /* Injector */,
				B683142029D80D1E00340782 /* Network */,
				B6A0F94F29EFBA06003470EE /* Pocket */,
				B6A0F97A29F3C493003470EE /* Wheel */,
			);
			path = Feature;
			sourceTree = "<group>";
		};
		B6A0F94F29EFBA06003470EE /* Pocket */ = {
			isa = PBXGroup;
			children = (
				B6A0F95029EFBA10003470EE /* PocketCoordinator.swift */,
				B6A0F95229EFBA1A003470EE /* PocketViewController.swift */,
			);
			path = Pocket;
			sourceTree = "<group>";
		};
		B6A0F95629EFC8E7003470EE /* Explore */ = {
			isa = PBXGroup;
			children = (
				B620483429F9070F00732275 /* ViewController */,
				B60CC1B928C641EE00AF2B53 /* ExploreCoordinator.swift */,
			);
			path = Explore;
			sourceTree = "<group>";
		};
		B6A0F96629F27DB0003470EE /* Common */ = {
			isa = PBXGroup;
			children = (
				B6A0F96729F27DD1003470EE /* CastError.swift */,
			);
			path = Common;
			sourceTree = "<group>";
		};
		B6A0F96D29F28166003470EE /* GooglePlace */ = {
			isa = PBXGroup;
			children = (
				B6A0F96929F27E36003470EE /* PlaceApiResponse.swift */,
				B6A0F96429F27BC5003470EE /* NearbySearchRequest.swift */,
				B6A0F97829F3A6D2003470EE /* NearbySearchProvider.swift */,
			);
			path = GooglePlace;
			sourceTree = "<group>";
		};
		B6A0F96E29F3A0F2003470EE /* GooglePlaceApi */ = {
			isa = PBXGroup;
			children = (
				B6A0F96F29F3A105003470EE /* NearbySearchRequestTests.swift */,
			);
			path = GooglePlaceApi;
			sourceTree = "<group>";
		};
		B6A0F97129F3A222003470EE /* TestComponents */ = {
			isa = PBXGroup;
			children = (
				B6A0F97229F3A230003470EE /* TestSessionAdapter.swift */,
				B6A0F97429F3A252003470EE /* TestSessionTask.swift */,
			);
			path = TestComponents;
			sourceTree = "<group>";
		};
		B6A0F97A29F3C493003470EE /* Wheel */ = {
			isa = PBXGroup;
			children = (
				B6A0F9A129F3C6E3003470EE /* WheelUI.xcodeproj */,
				B6A0F9BC29F3C795003470EE /* WheelCoordinator.swift */,
				B6A0F97B29F3C4A8003470EE /* WheelViewController.swift */,
			);
			path = Wheel;
			sourceTree = "<group>";
		};
		B6A0F9A229F3C6E3003470EE /* Products */ = {
			isa = PBXGroup;
			children = (
				B6A0F9A729F3C6E4003470EE /* WheelUI.framework */,
				B6A0F9A929F3C6E4003470EE /* WheelUITests.xctest */,
			);
			name = Products;
			sourceTree = "<group>";
		};
		B6ABC1E428B0896F007398F4 /* ViewModel */ = {
			isa = PBXGroup;
			children = (
				B6ABC1E528B08982007398F4 /* DetailViewModel.swift */,
			);
			path = ViewModel;
			sourceTree = "<group>";
		};
		B6ABC1E728B0952C007398F4 /* Presenter */ = {
			isa = PBXGroup;
			children = (
				B6C7D5B3255BA967005D2AA0 /* DetailHeaderPresenter.swift */,
				B6ABC1EE28B095B8007398F4 /* DetailRowPresenter.swift */,
				B6ABC1E828B0953A007398F4 /* FirstRowPressenter.swift */,
				B6ABC1EA28B09543007398F4 /* SecondRowPresenter.swift */,
				B6ABC1EC28B09550007398F4 /* ThirdRowPresenter.swift */,
				B6CB5FE328B0A2220042C34C /* FourthRowPresenter.swift */,
			);
			path = Presenter;
			sourceTree = "<group>";
		};
		B6B84D492665D4A5002E418D /* Extension */ = {
			isa = PBXGroup;
			children = (
				B647A4E624B2039D0098B7A2 /* Extension.swift */,
				B68DD02B26803935008E1FDE /* UILabel+Extensions.swift */,
				B6F789B726774D9A0003ED5C /* String+Extensions.swift */,
				B6B84D522665D579002E418D /* UIViewController+Extension.swift */,
				B6B84D502665D52F002E418D /* UIFont+UIColor+Extension.swift */,
				B6B84D4E2665D50D002E418D /* UITextField +Extension.swift */,
				B6B84D4A2665D4BD002E418D /* UIView+Extension.swift */,
				B6B84D4C2665D4DE002E418D /* UIButton+ Extension.swift */,
				B634A70A28A6AF6100796D63 /* View+Extensions.swift */,
				B634A71028A74DEB00796D63 /* Text+Extensions.swift */,
				B634A71228A74E1500796D63 /* Color+Extensions.swift */,
				B634A71428A74E8600796D63 /* Int+Extensions.swift */,
				B6ABC1E228B087FC007398F4 /* Map+Extensions.swift */,
				B6EF13AE28B229E1009345D6 /* TextField+Extensions.swift */,
				B63548F528B51EB500136A15 /* URLCache+Extensions.swift */,
				B6B9976728B9F1A1007C3D1D /* NSAttributedString+Extensions.swift */,
				B63E497828BA20FB00714F94 /* UITableView+Extensions.swift */,
				B615FF9D28CADCAD000BD3A0 /* ToastStyleTheme.swift */,
			);
			path = Extension;
			sourceTree = "<group>";
		};
		B6C7D5A52550FB80005D2AA0 /* Favorite */ = {
			isa = PBXGroup;
			children = (
			);
			path = Favorite;
			sourceTree = "<group>";
		};
		B6CA847428D7513200B85453 /* Protocol */ = {
			isa = PBXGroup;
			children = (
				B60CC1BC28C6426200AF2B53 /* Coordinator.swift */,
				B6CA847528D7513C00B85453 /* RestaurantViewModel.swift */,
			);
			path = Protocol;
			sourceTree = "<group>";
		};
		B6CBE88C28D37DBE005BCA7D /* PreferenceKey */ = {
			isa = PBXGroup;
			children = (
				B6CBE88D28D37DD9005BCA7D /* HeightPreferenceKey.swift */,
			);
			path = PreferenceKey;
			sourceTree = "<group>";
		};
		B6EF13A028B0B8E4009345D6 /* View */ = {
			isa = PBXGroup;
			children = (
				B6F7618B24D3EE2300318AB1 /* DetailHeader.swift */,
				B6D1306F24CBC16200040F85 /* DetailCell.swift */,
				B6EF13A128B0B8F6009345D6 /* DetailAddButton.swift */,
			);
			path = View;
			sourceTree = "<group>";
		};
		B6FD55A92896CAEC00B659F4 /* Injector */ = {
			isa = PBXGroup;
			children = (
				B6FD55AB2896CB0100B659F4 /* Inject.swift */,
				B6FD55AA2896CB0100B659F4 /* Resolver.swift */,
			);
			path = Injector;
			sourceTree = "<group>";
		};
/* End PBXGroup section */

/* Begin PBXNativeTarget section */
		B636BB9D28BB394900BC8996 /* FoodPickerTests */ = {
			isa = PBXNativeTarget;
			buildConfigurationList = B636BBA428BB394900BC8996 /* Build configuration list for PBXNativeTarget "FoodPickerTests" */;
			buildPhases = (
				63A5F66933104D012F242CA6 /* [CP] Check Pods Manifest.lock */,
				B636BB9A28BB394900BC8996 /* Sources */,
				B636BB9B28BB394900BC8996 /* Frameworks */,
				B636BB9C28BB394900BC8996 /* Resources */,
			);
			buildRules = (
			);
			dependencies = (
				B636BBA328BB394900BC8996 /* PBXTargetDependency */,
			);
			name = FoodPickerTests;
			productName = FoodPickerTests;
			productReference = B636BB9E28BB394900BC8996 /* FoodPickerTests.xctest */;
			productType = "com.apple.product-type.bundle.unit-test";
		};
		B647A4C824B1F7BA0098B7A2 /* FoodPicker */ = {
			isa = PBXNativeTarget;
			buildConfigurationList = B647A4DD24B1F7BE0098B7A2 /* Build configuration list for PBXNativeTarget "FoodPicker" */;
			buildPhases = (
				5B65AD510D0C48F1ECAAAC0A /* [CP] Check Pods Manifest.lock */,
				B683140E29D6BBBE00340782 /* ShellScript */,
				B647A4C524B1F7BA0098B7A2 /* Sources */,
				B647A4C624B1F7BA0098B7A2 /* Frameworks */,
				B647A4C724B1F7BA0098B7A2 /* Resources */,
				8FBA0555CA4ECF30D33E6771 /* [CP] Embed Pods Frameworks */,
				374709873221435696F16235 /* [CP] Copy Pods Resources */,
				B6A0F9C829F3C86A003470EE /* Embed Frameworks */,
			);
			buildRules = (
			);
			dependencies = (
			);
			name = FoodPicker;
			packageProductDependencies = (
				B6A0F95A29F25F69003470EE /* Kingfisher */,
			);
			productName = FoodPicker;
			productReference = B647A4C924B1F7BA0098B7A2 /* FoodPicker.app */;
			productType = "com.apple.product-type.application";
		};
/* End PBXNativeTarget section */

/* Begin PBXProject section */
		B647A4C124B1F7BA0098B7A2 /* Project object */ = {
			isa = PBXProject;
			attributes = {
				LastSwiftUpdateCheck = 1340;
				LastUpgradeCheck = 1130;
				ORGANIZATIONNAME = "陳翰霖";
				TargetAttributes = {
					B636BB9D28BB394900BC8996 = {
						CreatedOnToolsVersion = 13.4.1;
						LastSwiftMigration = 1400;
						TestTargetID = B647A4C824B1F7BA0098B7A2;
					};
					B647A4C824B1F7BA0098B7A2 = {
						CreatedOnToolsVersion = 11.3.1;
					};
				};
			};
			buildConfigurationList = B647A4C424B1F7BA0098B7A2 /* Build configuration list for PBXProject "FoodPicker" */;
			compatibilityVersion = "Xcode 9.3";
			developmentRegion = en;
			hasScannedForEncodings = 0;
			knownRegions = (
				en,
				Base,
			);
			mainGroup = B647A4C024B1F7BA0098B7A2;
			packageReferences = (
				B6A0F95929F25F69003470EE /* XCRemoteSwiftPackageReference "Kingfisher" */,
			);
			productRefGroup = B647A4CA24B1F7BA0098B7A2 /* Products */;
			projectDirPath = "";
			projectReferences = (
				{
					ProductGroup = B6A0F9A229F3C6E3003470EE /* Products */;
					ProjectRef = B6A0F9A129F3C6E3003470EE /* WheelUI.xcodeproj */;
				},
			);
			projectRoot = "";
			targets = (
				B647A4C824B1F7BA0098B7A2 /* FoodPicker */,
				B636BB9D28BB394900BC8996 /* FoodPickerTests */,
			);
		};
/* End PBXProject section */

/* Begin PBXReferenceProxy section */
		B6A0F9A729F3C6E4003470EE /* WheelUI.framework */ = {
			isa = PBXReferenceProxy;
			fileType = wrapper.framework;
			path = WheelUI.framework;
			remoteRef = B6A0F9A629F3C6E4003470EE /* PBXContainerItemProxy */;
			sourceTree = BUILT_PRODUCTS_DIR;
		};
		B6A0F9A929F3C6E4003470EE /* WheelUITests.xctest */ = {
			isa = PBXReferenceProxy;
			fileType = wrapper.cfbundle;
			path = WheelUITests.xctest;
			remoteRef = B6A0F9A829F3C6E4003470EE /* PBXContainerItemProxy */;
			sourceTree = BUILT_PRODUCTS_DIR;
		};
/* End PBXReferenceProxy section */

/* Begin PBXResourcesBuildPhase section */
		B636BB9C28BB394900BC8996 /* Resources */ = {
			isa = PBXResourcesBuildPhase;
			buildActionMask = 2147483647;
			files = (
			);
			runOnlyForDeploymentPostprocessing = 0;
		};
		B647A4C724B1F7BA0098B7A2 /* Resources */ = {
			isa = PBXResourcesBuildPhase;
			buildActionMask = 2147483647;
			files = (
				B647A4D924B1F7BE0098B7A2 /* LaunchScreen.storyboard in Resources */,
				B683142C29D81FEB00340782 /* StaticBusinesses.json in Resources */,
				B647A4D624B1F7BE0098B7A2 /* Assets.xcassets in Resources */,
				B6A0F96C29F280E9003470EE /* Place.json in Resources */,
			);
			runOnlyForDeploymentPostprocessing = 0;
		};
/* End PBXResourcesBuildPhase section */

/* Begin PBXShellScriptBuildPhase section */
		374709873221435696F16235 /* [CP] Copy Pods Resources */ = {
			isa = PBXShellScriptBuildPhase;
			buildActionMask = 2147483647;
			files = (
			);
			inputFileListPaths = (
				"${PODS_ROOT}/Target Support Files/Pods-FoodPicker/Pods-FoodPicker-resources-${CONFIGURATION}-input-files.xcfilelist",
			);
			name = "[CP] Copy Pods Resources";
			outputFileListPaths = (
				"${PODS_ROOT}/Target Support Files/Pods-FoodPicker/Pods-FoodPicker-resources-${CONFIGURATION}-output-files.xcfilelist",
			);
			runOnlyForDeploymentPostprocessing = 0;
			shellPath = /bin/sh;
			shellScript = "\"${PODS_ROOT}/Target Support Files/Pods-FoodPicker/Pods-FoodPicker-resources.sh\"\n";
			showEnvVarsInLog = 0;
		};
		5B65AD510D0C48F1ECAAAC0A /* [CP] Check Pods Manifest.lock */ = {
			isa = PBXShellScriptBuildPhase;
			buildActionMask = 2147483647;
			files = (
			);
			inputFileListPaths = (
			);
			inputPaths = (
				"${PODS_PODFILE_DIR_PATH}/Podfile.lock",
				"${PODS_ROOT}/Manifest.lock",
			);
			name = "[CP] Check Pods Manifest.lock";
			outputFileListPaths = (
			);
			outputPaths = (
				"$(DERIVED_FILE_DIR)/Pods-FoodPicker-checkManifestLockResult.txt",
			);
			runOnlyForDeploymentPostprocessing = 0;
			shellPath = /bin/sh;
			shellScript = "diff \"${PODS_PODFILE_DIR_PATH}/Podfile.lock\" \"${PODS_ROOT}/Manifest.lock\" > /dev/null\nif [ $? != 0 ] ; then\n    # print error to STDERR\n    echo \"error: The sandbox is not in sync with the Podfile.lock. Run 'pod install' or update your CocoaPods installation.\" >&2\n    exit 1\nfi\n# This output is used by Xcode 'outputs' to avoid re-running this script phase.\necho \"SUCCESS\" > \"${SCRIPT_OUTPUT_FILE_0}\"\n";
			showEnvVarsInLog = 0;
		};
		63A5F66933104D012F242CA6 /* [CP] Check Pods Manifest.lock */ = {
			isa = PBXShellScriptBuildPhase;
			buildActionMask = 2147483647;
			files = (
			);
			inputFileListPaths = (
			);
			inputPaths = (
				"${PODS_PODFILE_DIR_PATH}/Podfile.lock",
				"${PODS_ROOT}/Manifest.lock",
			);
			name = "[CP] Check Pods Manifest.lock";
			outputFileListPaths = (
			);
			outputPaths = (
				"$(DERIVED_FILE_DIR)/Pods-FoodPickerTests-checkManifestLockResult.txt",
			);
			runOnlyForDeploymentPostprocessing = 0;
			shellPath = /bin/sh;
			shellScript = "diff \"${PODS_PODFILE_DIR_PATH}/Podfile.lock\" \"${PODS_ROOT}/Manifest.lock\" > /dev/null\nif [ $? != 0 ] ; then\n    # print error to STDERR\n    echo \"error: The sandbox is not in sync with the Podfile.lock. Run 'pod install' or update your CocoaPods installation.\" >&2\n    exit 1\nfi\n# This output is used by Xcode 'outputs' to avoid re-running this script phase.\necho \"SUCCESS\" > \"${SCRIPT_OUTPUT_FILE_0}\"\n";
			showEnvVarsInLog = 0;
		};
		8FBA0555CA4ECF30D33E6771 /* [CP] Embed Pods Frameworks */ = {
			isa = PBXShellScriptBuildPhase;
			buildActionMask = 2147483647;
			files = (
			);
			inputFileListPaths = (
				"${PODS_ROOT}/Target Support Files/Pods-FoodPicker/Pods-FoodPicker-frameworks-${CONFIGURATION}-input-files.xcfilelist",
			);
			name = "[CP] Embed Pods Frameworks";
			outputFileListPaths = (
				"${PODS_ROOT}/Target Support Files/Pods-FoodPicker/Pods-FoodPicker-frameworks-${CONFIGURATION}-output-files.xcfilelist",
			);
			runOnlyForDeploymentPostprocessing = 0;
			shellPath = /bin/sh;
			shellScript = "\"${PODS_ROOT}/Target Support Files/Pods-FoodPicker/Pods-FoodPicker-frameworks.sh\"\n";
			showEnvVarsInLog = 0;
		};
		B683140E29D6BBBE00340782 /* ShellScript */ = {
			isa = PBXShellScriptBuildPhase;
			buildActionMask = 2147483647;
			files = (
			);
			inputFileListPaths = (
			);
			inputPaths = (
				"TEMP_DIR/rswift-lastru",
			);
			outputFileListPaths = (
			);
			outputPaths = (
				$SRCROOT/R.generated.swift,
			);
			runOnlyForDeploymentPostprocessing = 0;
			shellPath = /bin/sh;
			shellScript = "# Type a script or drag a script file from your workspace to insert its path.\n\n\"$PODS_ROOT/R.swift/rswift\" generate \"$SRCROOT/R.generated.swift\"\n";
		};
/* End PBXShellScriptBuildPhase section */

/* Begin PBXSourcesBuildPhase section */
		B636BB9A28BB394900BC8996 /* Sources */ = {
			isa = PBXSourcesBuildPhase;
			buildActionMask = 2147483647;
			files = (
				B6A0F97029F3A105003470EE /* NearbySearchRequestTests.swift in Sources */,
				B692F1AD28E82C7400DA90E9 /* RestaurantPresenterTests.swift in Sources */,
				B6A0F97329F3A230003470EE /* TestSessionAdapter.swift in Sources */,
				B6A0F97529F3A252003470EE /* TestSessionTask.swift in Sources */,
				B683142529D8124E00340782 /* AFNetworkingManagerTests.swift in Sources */,
				B683142729D8126B00340782 /* MockURLProtocol.swift in Sources */,
			);
			runOnlyForDeploymentPostprocessing = 0;
		};
		B647A4C524B1F7BA0098B7A2 /* Sources */ = {
			isa = PBXSourcesBuildPhase;
			buildActionMask = 2147483647;
			files = (
				B6F789AE267610950003ED5C /* NetworkMonitor.swift in Sources */,
				B685484C24B6D390009BC800 /* Constants.swift in Sources */,
				B6B9976828B9F1A1007C3D1D /* NSAttributedString+Extensions.swift in Sources */,
				B6A0F95129EFBA10003470EE /* PocketCoordinator.swift in Sources */,
				B683143529E4130400340782 /* LocationManager+CLLocationManagerDelegate.swift in Sources */,
				B612E3FD28DE03D6005721E3 /* TypeAlias.swift in Sources */,
				B6ABC1ED28B09550007398F4 /* ThirdRowPresenter.swift in Sources */,
				B6F7618C24D3EE2300318AB1 /* DetailHeader.swift in Sources */,
				B6C9752128D370D500287369 /* TwoHorizontalButton.swift in Sources */,
				B6EF13AF28B229E1009345D6 /* TextField+Extensions.swift in Sources */,
				B647A4CD24B1F7BA0098B7A2 /* AppDelegate.swift in Sources */,
				B690436728A1633F00278964 /* Detail.swift in Sources */,
				B6ABC1E628B08982007398F4 /* DetailViewModel.swift in Sources */,
				B6A0F94A29EFB6B0003470EE /* TabBarController.swift in Sources */,
				B6FE66F128E4B01300F44543 /* SlideShowViewController.swift in Sources */,
				B6ABC1E928B0953A007398F4 /* FirstRowPressenter.swift in Sources */,
				B6D1307024CBC16200040F85 /* DetailCell.swift in Sources */,
				B6C7D5B62563F3E0005D2AA0 /* Business.swift in Sources */,
				B620483F29FA1D7F00732275 /* FeedViewController+DataSource.swift in Sources */,
				B692F1A728E7FCE200DA90E9 /* StrechyHeaderLayout.swift in Sources */,
				B634A71528A74E8600796D63 /* Int+Extensions.swift in Sources */,
				B64BE92428B28D3F0072F6A0 /* Alert.swift in Sources */,
				B634A70B28A6AF6100796D63 /* View+Extensions.swift in Sources */,
				B63548F628B51EB500136A15 /* URLCache+Extensions.swift in Sources */,
				B6C7D5B2255992E0005D2AA0 /* LoadingCell.swift in Sources */,
				B683141029D6BC8B00340782 /* R.generated.swift in Sources */,
				B683143129E2AF5500340782 /* LocationManager.swift in Sources */,
				B6A0F95329EFBA1A003470EE /* PocketViewController.swift in Sources */,
				B6CBE88E28D37DD9005BCA7D /* HeightPreferenceKey.swift in Sources */,
				B6CB5FE428B0A2220042C34C /* FourthRowPresenter.swift in Sources */,
				B6F7898A2899883800829ED4 /* ViewModelType.swift in Sources */,
				B6B84D532665D579002E418D /* UIViewController+Extension.swift in Sources */,
				B683143329E412DD00340782 /* LocationManager+Status.swift in Sources */,
				B60CC1BA28C641EE00AF2B53 /* ExploreCoordinator.swift in Sources */,
				B6FD55AC2896CB0100B659F4 /* Resolver.swift in Sources */,
				B6EF13A228B0B8F6009345D6 /* DetailAddButton.swift in Sources */,
				B6ABC1E328B087FC007398F4 /* Map+Extensions.swift in Sources */,
				B6B84D4D2665D4DE002E418D /* UIButton+ Extension.swift in Sources */,
				B6A0F94C29EFB6DB003470EE /* Scrollable.swift in Sources */,
				B6D1306A24C4183300040F85 /* DetailController.swift in Sources */,
				B6A0F97929F3A6D2003470EE /* NearbySearchProvider.swift in Sources */,
				B615FF9E28CADCAD000BD3A0 /* ToastStyleTheme.swift in Sources */,
				B6A0F96529F27BC5003470EE /* NearbySearchRequest.swift in Sources */,
				B647A4CF24B1F7BA0098B7A2 /* SceneDelegate.swift in Sources */,
				B6A0F95529EFC3BB003470EE /* TabCoordinatorViewModel.swift in Sources */,
				B634A70D28A6C0CA00796D63 /* RoundedCorner.swift in Sources */,
				B620483329F9026C00732275 /* FeedViewController+FeedViewLayout.swift in Sources */,
				B647A4E124B1FA640098B7A2 /* MainTabBarController.swift in Sources */,
				B647A4E724B2039D0098B7A2 /* Extension.swift in Sources */,
				B6F789B826774D9B0003ED5C /* String+Extensions.swift in Sources */,
				B6A0F96829F27DD1003470EE /* CastError.swift in Sources */,
				B6A0F97729F3A302003470EE /* StaticJsonFileReader.swift in Sources */,
				B6A0F94829EFB684003470EE /* TabCoordinator.swift in Sources */,
				B6B84D512665D52F002E418D /* UIFont+UIColor+Extension.swift in Sources */,
				B606C07F2894E69000139907 /* SpinTabItemView.swift in Sources */,
				B6B84D4F2665D50D002E418D /* UITextField +Extension.swift in Sources */,
				B6A0F95D29F26FC9003470EE /* ExploreMainViewController.swift in Sources */,
				B6ABC1EB28B09543007398F4 /* SecondRowPresenter.swift in Sources */,
				B6EF13A628B0CA0B009345D6 /* ShimmerView.swift in Sources */,
				B6A0F96A29F27E36003470EE /* PlaceApiResponse.swift in Sources */,
				B6F789A92675DC440003ED5C /* Validators.swift in Sources */,
				B68551B128C30EEF0077C47E /* RestaurantViewObject.swift in Sources */,
				B6CA847628D7513C00B85453 /* RestaurantViewModel.swift in Sources */,
				B683140A29D596F600340782 /* Config.swift in Sources */,
				B6D407C228AD3DF500E59CE3 /* SafeAreaUtils.swift in Sources */,
				B6CBE89528D5EE5E005BCA7D /* KeyboardHelper.swift in Sources */,
				B6A0F95F29F2703F003470EE /* FeedViewController.swift in Sources */,
				B6B9976B28BA0A2A007C3D1D /* NotchView.swift in Sources */,
				B60CC1B628C63E4400AF2B53 /* RestaurantPresenter.swift in Sources */,
				B63E497928BA20FB00714F94 /* UITableView+Extensions.swift in Sources */,
				B6A0F95829F00A98003470EE /* LocationManagerProtocol.swift in Sources */,
				B683142E29D82AC400340782 /* NetworkingError.swift in Sources */,
				B683142229D80D8700340782 /* AFNetworkingManager.swift in Sources */,
				B634A71328A74E1500796D63 /* Color+Extensions.swift in Sources */,
				B634A71128A74DEB00796D63 /* Text+Extensions.swift in Sources */,
				B683140D29D6B8C900340782 /* AppCoordinator.swift in Sources */,
				B6A0F96129F271E1003470EE /* MapViewController.swift in Sources */,
				B6A0F9BD29F3C795003470EE /* WheelCoordinator.swift in Sources */,
				B6C7D5B4255BA967005D2AA0 /* DetailHeaderPresenter.swift in Sources */,
				B612E3FB28DCC99F005721E3 /* TextFieldClearButton.swift in Sources */,
				B6F789A5267351230003ED5C /* MBProgressHUDProtocol.swift in Sources */,
				B612E40128DEFE05005721E3 /* AppSettingHelper.swift in Sources */,
				B6EF139F28B0AEC0009345D6 /* PresentHelper.swift in Sources */,
				B6413B3328BB2C7A0071F5B3 /* DateUtils.swift in Sources */,
				B68DD02C26803935008E1FDE /* UILabel+Extensions.swift in Sources */,
				B60CC1BD28C6426200AF2B53 /* Coordinator.swift in Sources */,
				B6B84D58266633C4002E418D /* ErrorView.swift in Sources */,
				B6ABC1EF28B095B8007398F4 /* DetailRowPresenter.swift in Sources */,
				B6FD55AD2896CB0100B659F4 /* Inject.swift in Sources */,
				B6C7D5B82563F4F3005D2AA0 /* AnnotationItem.swift in Sources */,
				B60CC1B128C3313800AF2B53 /* ZoomAndSnapFlowLayout.swift in Sources */,
				B6B84D4B2665D4BD002E418D /* UIView+Extension.swift in Sources */,
				B6A0F97C29F3C4A8003470EE /* WheelViewController.swift in Sources */,
			);
			runOnlyForDeploymentPostprocessing = 0;
		};
/* End PBXSourcesBuildPhase section */

/* Begin PBXTargetDependency section */
		B636BBA328BB394900BC8996 /* PBXTargetDependency */ = {
			isa = PBXTargetDependency;
			target = B647A4C824B1F7BA0098B7A2 /* FoodPicker */;
			targetProxy = B636BBA228BB394900BC8996 /* PBXContainerItemProxy */;
		};
/* End PBXTargetDependency section */

/* Begin PBXVariantGroup section */
		B647A4D724B1F7BE0098B7A2 /* LaunchScreen.storyboard */ = {
			isa = PBXVariantGroup;
			children = (
				B647A4D824B1F7BE0098B7A2 /* Base */,
			);
			name = LaunchScreen.storyboard;
			sourceTree = "<group>";
		};
/* End PBXVariantGroup section */

/* Begin XCBuildConfiguration section */
		B636BBA528BB394900BC8996 /* Debug */ = {
			isa = XCBuildConfiguration;
			baseConfigurationReference = 0803B08100096B593870B215 /* Pods-FoodPickerTests.debug.xcconfig */;
			buildSettings = {
				BUNDLE_LOADER = "$(TEST_HOST)";
				CLANG_CXX_LANGUAGE_STANDARD = "gnu++17";
				CLANG_ENABLE_MODULES = YES;
				CLANG_WARN_QUOTED_INCLUDE_IN_FRAMEWORK_HEADER = YES;
				CODE_SIGN_STYLE = Automatic;
				CURRENT_PROJECT_VERSION = 1;
				DEVELOPMENT_TEAM = 83AH7T8DV5;
				GENERATE_INFOPLIST_FILE = YES;
				IPHONEOS_DEPLOYMENT_TARGET = 16.0;
				LD_RUNPATH_SEARCH_PATHS = (
					"$(inherited)",
					"@executable_path/Frameworks",
					"@loader_path/Frameworks",
				);
				MARKETING_VERSION = 1.0;
				PRODUCT_BUNDLE_IDENTIFIER = com.hanlin.FoodPickerTests;
				PRODUCT_NAME = "$(TARGET_NAME)";
				SWIFT_EMIT_LOC_STRINGS = NO;
				SWIFT_OPTIMIZATION_LEVEL = "-Onone";
				SWIFT_VERSION = 5.0;
				TARGETED_DEVICE_FAMILY = "1,2";
				TEST_HOST = "$(BUILT_PRODUCTS_DIR)/FoodPicker.app/FoodPicker";
			};
			name = Debug;
		};
		B636BBA628BB394900BC8996 /* Test */ = {
			isa = XCBuildConfiguration;
			baseConfigurationReference = EA3AB19AEC26C89AA5AF0EA9 /* Pods-FoodPickerTests.test.xcconfig */;
			buildSettings = {
				BUNDLE_LOADER = "$(TEST_HOST)";
				CLANG_CXX_LANGUAGE_STANDARD = "gnu++17";
				CLANG_ENABLE_MODULES = YES;
				CLANG_WARN_QUOTED_INCLUDE_IN_FRAMEWORK_HEADER = YES;
				CODE_SIGN_STYLE = Automatic;
				CURRENT_PROJECT_VERSION = 1;
				DEVELOPMENT_TEAM = 83AH7T8DV5;
				GENERATE_INFOPLIST_FILE = YES;
				IPHONEOS_DEPLOYMENT_TARGET = 16.0;
				LD_RUNPATH_SEARCH_PATHS = (
					"$(inherited)",
					"@executable_path/Frameworks",
					"@loader_path/Frameworks",
				);
				MARKETING_VERSION = 1.0;
				PRODUCT_BUNDLE_IDENTIFIER = com.hanlin.FoodPickerTests;
				PRODUCT_NAME = "$(TARGET_NAME)";
				SWIFT_EMIT_LOC_STRINGS = NO;
				SWIFT_OPTIMIZATION_LEVEL = "-Onone";
				SWIFT_VERSION = 5.0;
				TARGETED_DEVICE_FAMILY = "1,2";
				TEST_HOST = "$(BUILT_PRODUCTS_DIR)/FoodPicker.app/FoodPicker";
			};
			name = Test;
		};
		B636BBA728BB394900BC8996 /* Release */ = {
			isa = XCBuildConfiguration;
			baseConfigurationReference = 3DFF59AD745DA0BFE39E8409 /* Pods-FoodPickerTests.release.xcconfig */;
			buildSettings = {
				BUNDLE_LOADER = "$(TEST_HOST)";
				CLANG_CXX_LANGUAGE_STANDARD = "gnu++17";
				CLANG_ENABLE_MODULES = YES;
				CLANG_WARN_QUOTED_INCLUDE_IN_FRAMEWORK_HEADER = YES;
				CODE_SIGN_STYLE = Automatic;
				CURRENT_PROJECT_VERSION = 1;
				DEVELOPMENT_TEAM = 83AH7T8DV5;
				GENERATE_INFOPLIST_FILE = YES;
				IPHONEOS_DEPLOYMENT_TARGET = 16.0;
				LD_RUNPATH_SEARCH_PATHS = (
					"$(inherited)",
					"@executable_path/Frameworks",
					"@loader_path/Frameworks",
				);
				MARKETING_VERSION = 1.0;
				PRODUCT_BUNDLE_IDENTIFIER = com.hanlin.FoodPickerTests;
				PRODUCT_NAME = "$(TARGET_NAME)";
				SWIFT_EMIT_LOC_STRINGS = NO;
				SWIFT_OPTIMIZATION_LEVEL = "-O";
				SWIFT_VERSION = 5.0;
				TARGETED_DEVICE_FAMILY = "1,2";
				TEST_HOST = "$(BUILT_PRODUCTS_DIR)/FoodPicker.app/FoodPicker";
			};
			name = Release;
		};
		B6413B4528BB30AB0071F5B3 /* Test */ = {
			isa = XCBuildConfiguration;
			buildSettings = {
				ALWAYS_SEARCH_USER_PATHS = NO;
				CLANG_ANALYZER_NONNULL = YES;
				CLANG_ANALYZER_NUMBER_OBJECT_CONVERSION = YES_AGGRESSIVE;
				CLANG_CXX_LANGUAGE_STANDARD = "gnu++14";
				CLANG_CXX_LIBRARY = "libc++";
				CLANG_ENABLE_MODULES = YES;
				CLANG_ENABLE_OBJC_ARC = YES;
				CLANG_ENABLE_OBJC_WEAK = YES;
				CLANG_WARN_BLOCK_CAPTURE_AUTORELEASING = YES;
				CLANG_WARN_BOOL_CONVERSION = YES;
				CLANG_WARN_COMMA = YES;
				CLANG_WARN_CONSTANT_CONVERSION = YES;
				CLANG_WARN_DEPRECATED_OBJC_IMPLEMENTATIONS = YES;
				CLANG_WARN_DIRECT_OBJC_ISA_USAGE = YES_ERROR;
				CLANG_WARN_DOCUMENTATION_COMMENTS = YES;
				CLANG_WARN_EMPTY_BODY = YES;
				CLANG_WARN_ENUM_CONVERSION = YES;
				CLANG_WARN_INFINITE_RECURSION = YES;
				CLANG_WARN_INT_CONVERSION = YES;
				CLANG_WARN_NON_LITERAL_NULL_CONVERSION = YES;
				CLANG_WARN_OBJC_IMPLICIT_RETAIN_SELF = YES;
				CLANG_WARN_OBJC_LITERAL_CONVERSION = YES;
				CLANG_WARN_OBJC_ROOT_CLASS = YES_ERROR;
				CLANG_WARN_RANGE_LOOP_ANALYSIS = YES;
				CLANG_WARN_STRICT_PROTOTYPES = YES;
				CLANG_WARN_SUSPICIOUS_MOVE = YES;
				CLANG_WARN_UNGUARDED_AVAILABILITY = YES_AGGRESSIVE;
				CLANG_WARN_UNREACHABLE_CODE = YES;
				CLANG_WARN__DUPLICATE_METHOD_MATCH = YES;
				COPY_PHASE_STRIP = NO;
				DEBUG_INFORMATION_FORMAT = dwarf;
				ENABLE_STRICT_OBJC_MSGSEND = YES;
				ENABLE_TESTABILITY = YES;
				GCC_C_LANGUAGE_STANDARD = gnu11;
				GCC_DYNAMIC_NO_PIC = NO;
				GCC_NO_COMMON_BLOCKS = YES;
				GCC_OPTIMIZATION_LEVEL = 0;
				GCC_PREPROCESSOR_DEFINITIONS = (
					"DEBUG=1",
					"$(inherited)",
				);
				GCC_WARN_64_TO_32_BIT_CONVERSION = YES;
				GCC_WARN_ABOUT_RETURN_TYPE = YES_ERROR;
				GCC_WARN_UNDECLARED_SELECTOR = YES;
				GCC_WARN_UNINITIALIZED_AUTOS = YES_AGGRESSIVE;
				GCC_WARN_UNUSED_FUNCTION = YES;
				GCC_WARN_UNUSED_VARIABLE = YES;
				IPHONEOS_DEPLOYMENT_TARGET = 16.0;
				MTL_ENABLE_DEBUG_INFO = INCLUDE_SOURCE;
				MTL_FAST_MATH = YES;
				ONLY_ACTIVE_ARCH = YES;
				SDKROOT = iphoneos;
				SWIFT_ACTIVE_COMPILATION_CONDITIONS = DEBUG;
				SWIFT_OPTIMIZATION_LEVEL = "-Onone";
			};
			name = Test;
		};
		B6413B4628BB30AB0071F5B3 /* Test */ = {
			isa = XCBuildConfiguration;
			baseConfigurationReference = 7D85F0931D26B7086A0B001A /* Pods-FoodPicker.test.xcconfig */;
			buildSettings = {
				ASSETCATALOG_COMPILER_APPICON_NAME = AppIcon;
				CODE_SIGN_STYLE = Automatic;
				DEVELOPMENT_TEAM = T95JM7W2ZM;
				ENABLE_TESTING_SEARCH_PATHS = YES;
				INFOPLIST_FILE = FoodPicker/Info.plist;
				IPHONEOS_DEPLOYMENT_TARGET = 16.0;
				LD_RUNPATH_SEARCH_PATHS = (
					"$(inherited)",
					"@executable_path/Frameworks",
				);
				OTHER_SWIFT_FLAGS = "$(inherited) -D TEST";
				PRODUCT_BUNDLE_IDENTIFIER = com.hanlin.FoodPicker;
				PRODUCT_NAME = "$(TARGET_NAME)";
				SWIFT_ACTIVE_COMPILATION_CONDITIONS = TEST;
				SWIFT_VERSION = 5.0;
				TARGETED_DEVICE_FAMILY = "1,2";
			};
			name = Test;
		};
		B647A4DB24B1F7BE0098B7A2 /* Debug */ = {
			isa = XCBuildConfiguration;
			buildSettings = {
				ALWAYS_SEARCH_USER_PATHS = NO;
				CLANG_ANALYZER_NONNULL = YES;
				CLANG_ANALYZER_NUMBER_OBJECT_CONVERSION = YES_AGGRESSIVE;
				CLANG_CXX_LANGUAGE_STANDARD = "gnu++14";
				CLANG_CXX_LIBRARY = "libc++";
				CLANG_ENABLE_MODULES = YES;
				CLANG_ENABLE_OBJC_ARC = YES;
				CLANG_ENABLE_OBJC_WEAK = YES;
				CLANG_WARN_BLOCK_CAPTURE_AUTORELEASING = YES;
				CLANG_WARN_BOOL_CONVERSION = YES;
				CLANG_WARN_COMMA = YES;
				CLANG_WARN_CONSTANT_CONVERSION = YES;
				CLANG_WARN_DEPRECATED_OBJC_IMPLEMENTATIONS = YES;
				CLANG_WARN_DIRECT_OBJC_ISA_USAGE = YES_ERROR;
				CLANG_WARN_DOCUMENTATION_COMMENTS = YES;
				CLANG_WARN_EMPTY_BODY = YES;
				CLANG_WARN_ENUM_CONVERSION = YES;
				CLANG_WARN_INFINITE_RECURSION = YES;
				CLANG_WARN_INT_CONVERSION = YES;
				CLANG_WARN_NON_LITERAL_NULL_CONVERSION = YES;
				CLANG_WARN_OBJC_IMPLICIT_RETAIN_SELF = YES;
				CLANG_WARN_OBJC_LITERAL_CONVERSION = YES;
				CLANG_WARN_OBJC_ROOT_CLASS = YES_ERROR;
				CLANG_WARN_RANGE_LOOP_ANALYSIS = YES;
				CLANG_WARN_STRICT_PROTOTYPES = YES;
				CLANG_WARN_SUSPICIOUS_MOVE = YES;
				CLANG_WARN_UNGUARDED_AVAILABILITY = YES_AGGRESSIVE;
				CLANG_WARN_UNREACHABLE_CODE = YES;
				CLANG_WARN__DUPLICATE_METHOD_MATCH = YES;
				COPY_PHASE_STRIP = NO;
				DEBUG_INFORMATION_FORMAT = dwarf;
				ENABLE_STRICT_OBJC_MSGSEND = YES;
				ENABLE_TESTABILITY = YES;
				GCC_C_LANGUAGE_STANDARD = gnu11;
				GCC_DYNAMIC_NO_PIC = NO;
				GCC_NO_COMMON_BLOCKS = YES;
				GCC_OPTIMIZATION_LEVEL = 0;
				GCC_PREPROCESSOR_DEFINITIONS = (
					"DEBUG=1",
					"$(inherited)",
				);
				GCC_WARN_64_TO_32_BIT_CONVERSION = YES;
				GCC_WARN_ABOUT_RETURN_TYPE = YES_ERROR;
				GCC_WARN_UNDECLARED_SELECTOR = YES;
				GCC_WARN_UNINITIALIZED_AUTOS = YES_AGGRESSIVE;
				GCC_WARN_UNUSED_FUNCTION = YES;
				GCC_WARN_UNUSED_VARIABLE = YES;
				IPHONEOS_DEPLOYMENT_TARGET = 16.0;
				MTL_ENABLE_DEBUG_INFO = INCLUDE_SOURCE;
				MTL_FAST_MATH = YES;
				ONLY_ACTIVE_ARCH = YES;
				SDKROOT = iphoneos;
				SWIFT_ACTIVE_COMPILATION_CONDITIONS = DEBUG;
				SWIFT_OPTIMIZATION_LEVEL = "-Onone";
			};
			name = Debug;
		};
		B647A4DC24B1F7BE0098B7A2 /* Release */ = {
			isa = XCBuildConfiguration;
			buildSettings = {
				ALWAYS_SEARCH_USER_PATHS = NO;
				CLANG_ANALYZER_NONNULL = YES;
				CLANG_ANALYZER_NUMBER_OBJECT_CONVERSION = YES_AGGRESSIVE;
				CLANG_CXX_LANGUAGE_STANDARD = "gnu++14";
				CLANG_CXX_LIBRARY = "libc++";
				CLANG_ENABLE_MODULES = YES;
				CLANG_ENABLE_OBJC_ARC = YES;
				CLANG_ENABLE_OBJC_WEAK = YES;
				CLANG_WARN_BLOCK_CAPTURE_AUTORELEASING = YES;
				CLANG_WARN_BOOL_CONVERSION = YES;
				CLANG_WARN_COMMA = YES;
				CLANG_WARN_CONSTANT_CONVERSION = YES;
				CLANG_WARN_DEPRECATED_OBJC_IMPLEMENTATIONS = YES;
				CLANG_WARN_DIRECT_OBJC_ISA_USAGE = YES_ERROR;
				CLANG_WARN_DOCUMENTATION_COMMENTS = YES;
				CLANG_WARN_EMPTY_BODY = YES;
				CLANG_WARN_ENUM_CONVERSION = YES;
				CLANG_WARN_INFINITE_RECURSION = YES;
				CLANG_WARN_INT_CONVERSION = YES;
				CLANG_WARN_NON_LITERAL_NULL_CONVERSION = YES;
				CLANG_WARN_OBJC_IMPLICIT_RETAIN_SELF = YES;
				CLANG_WARN_OBJC_LITERAL_CONVERSION = YES;
				CLANG_WARN_OBJC_ROOT_CLASS = YES_ERROR;
				CLANG_WARN_RANGE_LOOP_ANALYSIS = YES;
				CLANG_WARN_STRICT_PROTOTYPES = YES;
				CLANG_WARN_SUSPICIOUS_MOVE = YES;
				CLANG_WARN_UNGUARDED_AVAILABILITY = YES_AGGRESSIVE;
				CLANG_WARN_UNREACHABLE_CODE = YES;
				CLANG_WARN__DUPLICATE_METHOD_MATCH = YES;
				COPY_PHASE_STRIP = NO;
				DEBUG_INFORMATION_FORMAT = "dwarf-with-dsym";
				ENABLE_NS_ASSERTIONS = NO;
				ENABLE_STRICT_OBJC_MSGSEND = YES;
				GCC_C_LANGUAGE_STANDARD = gnu11;
				GCC_NO_COMMON_BLOCKS = YES;
				GCC_WARN_64_TO_32_BIT_CONVERSION = YES;
				GCC_WARN_ABOUT_RETURN_TYPE = YES_ERROR;
				GCC_WARN_UNDECLARED_SELECTOR = YES;
				GCC_WARN_UNINITIALIZED_AUTOS = YES_AGGRESSIVE;
				GCC_WARN_UNUSED_FUNCTION = YES;
				GCC_WARN_UNUSED_VARIABLE = YES;
				IPHONEOS_DEPLOYMENT_TARGET = 16.0;
				MTL_ENABLE_DEBUG_INFO = NO;
				MTL_FAST_MATH = YES;
				SDKROOT = iphoneos;
				SWIFT_COMPILATION_MODE = wholemodule;
				SWIFT_OPTIMIZATION_LEVEL = "-Onone";
				VALIDATE_PRODUCT = YES;
			};
			name = Release;
		};
		B647A4DE24B1F7BE0098B7A2 /* Debug */ = {
			isa = XCBuildConfiguration;
			baseConfigurationReference = B683140829D596CB00340782 /* DEBUG.xcconfig */;
			buildSettings = {
				ASSETCATALOG_COMPILER_APPICON_NAME = AppIcon;
				CODE_SIGN_STYLE = Automatic;
				DEVELOPMENT_TEAM = 83AH7T8DV5;
				ENABLE_TESTING_SEARCH_PATHS = YES;
				INFOPLIST_FILE = FoodPicker/Info.plist;
				IPHONEOS_DEPLOYMENT_TARGET = 16.0;
				LD_RUNPATH_SEARCH_PATHS = (
					"$(inherited)",
					"@executable_path/Frameworks",
				);
				OTHER_SWIFT_FLAGS = "$(inherited) -D DEBUG";
				PRODUCT_BUNDLE_IDENTIFIER = com.hanlin.FoodPicker;
				PRODUCT_NAME = "$(TARGET_NAME)";
				SWIFT_ACTIVE_COMPILATION_CONDITIONS = DEBUG;
				SWIFT_VERSION = 5.0;
				TARGETED_DEVICE_FAMILY = "1,2";
			};
			name = Debug;
		};
		B647A4DF24B1F7BE0098B7A2 /* Release */ = {
			isa = XCBuildConfiguration;
			baseConfigurationReference = AEC916B8058ACB981C566D94 /* Pods-FoodPicker.release.xcconfig */;
			buildSettings = {
				ASSETCATALOG_COMPILER_APPICON_NAME = AppIcon;
				CODE_SIGN_STYLE = Automatic;
				DEVELOPMENT_TEAM = 83AH7T8DV5;
				ENABLE_TESTING_SEARCH_PATHS = YES;
				INFOPLIST_FILE = FoodPicker/Info.plist;
				IPHONEOS_DEPLOYMENT_TARGET = 16.0;
				LD_RUNPATH_SEARCH_PATHS = (
					"$(inherited)",
					"@executable_path/Frameworks",
				);
				OTHER_SWIFT_FLAGS = "$(inherited) -D RELEASE";
				PRODUCT_BUNDLE_IDENTIFIER = com.hanlin.FoodPicker;
				PRODUCT_NAME = "$(TARGET_NAME)";
				SWIFT_ACTIVE_COMPILATION_CONDITIONS = "";
				SWIFT_OPTIMIZATION_LEVEL = "-O";
				SWIFT_VERSION = 5.0;
				TARGETED_DEVICE_FAMILY = "1,2";
			};
			name = Release;
		};
/* End XCBuildConfiguration section */

/* Begin XCConfigurationList section */
		B636BBA428BB394900BC8996 /* Build configuration list for PBXNativeTarget "FoodPickerTests" */ = {
			isa = XCConfigurationList;
			buildConfigurations = (
				B636BBA528BB394900BC8996 /* Debug */,
				B636BBA628BB394900BC8996 /* Test */,
				B636BBA728BB394900BC8996 /* Release */,
			);
			defaultConfigurationIsVisible = 0;
			defaultConfigurationName = Debug;
		};
		B647A4C424B1F7BA0098B7A2 /* Build configuration list for PBXProject "FoodPicker" */ = {
			isa = XCConfigurationList;
			buildConfigurations = (
				B647A4DB24B1F7BE0098B7A2 /* Debug */,
				B6413B4528BB30AB0071F5B3 /* Test */,
				B647A4DC24B1F7BE0098B7A2 /* Release */,
			);
			defaultConfigurationIsVisible = 0;
			defaultConfigurationName = Debug;
		};
		B647A4DD24B1F7BE0098B7A2 /* Build configuration list for PBXNativeTarget "FoodPicker" */ = {
			isa = XCConfigurationList;
			buildConfigurations = (
				B647A4DE24B1F7BE0098B7A2 /* Debug */,
				B6413B4628BB30AB0071F5B3 /* Test */,
				B647A4DF24B1F7BE0098B7A2 /* Release */,
			);
			defaultConfigurationIsVisible = 0;
			defaultConfigurationName = Debug;
		};
/* End XCConfigurationList section */

/* Begin XCRemoteSwiftPackageReference section */
		B6A0F95929F25F69003470EE /* XCRemoteSwiftPackageReference "Kingfisher" */ = {
			isa = XCRemoteSwiftPackageReference;
			repositoryURL = "https://github.com/onevcat/Kingfisher.git";
			requirement = {
				branch = master;
				kind = branch;
			};
		};
/* End XCRemoteSwiftPackageReference section */

/* Begin XCSwiftPackageProductDependency section */
		B6A0F95A29F25F69003470EE /* Kingfisher */ = {
			isa = XCSwiftPackageProductDependency;
			package = B6A0F95929F25F69003470EE /* XCRemoteSwiftPackageReference "Kingfisher" */;
			productName = Kingfisher;
		};
/* End XCSwiftPackageProductDependency section */
	};
	rootObject = B647A4C124B1F7BA0098B7A2 /* Project object */;
}
