{
  "pins" : [
    {
      "identity" : "kingfisher",
      "kind" : "remoteSourceControl",
      "location" : "https://github.com/onevcat/Kingfisher.git",
      "state" : {
        "branch" : "master",
        "revision" : "7f6331da4d0fcebec4996e9a64d072f467be932d"
      }
    }
  ],
  "version" : 2
}
